// !$*UTF8*$!
{
	archiveVersion = 1;
	classes = {
	};
	objectVersion = 50;
	objects = {

/* Begin PBXBuildFile section */
		E82DF5D4267CD60700077D81 /* AppDelegate.swift in Sources */ = {isa = PBXBuildFile; fileRef = E82DF5D3267CD60700077D81 /* AppDelegate.swift */; };
		E82DF5D6267CD60700077D81 /* SceneDelegate.swift in Sources */ = {isa = PBXBuildFile; fileRef = E82DF5D5267CD60700077D81 /* SceneDelegate.swift */; };
		E82DF5D8267CD60700077D81 /* ViewController.swift in Sources */ = {isa = PBXBuildFile; fileRef = E82DF5D7267CD60700077D81 /* ViewController.swift */; };
		E82DF5DB267CD60700077D81 /* Main.storyboard in Resources */ = {isa = PBXBuildFile; fileRef = E82DF5D9267CD60700077D81 /* Main.storyboard */; };
		E82DF5DD267CD60D00077D81 /* Assets.xcassets in Resources */ = {isa = PBXBuildFile; fileRef = E82DF5DC267CD60D00077D81 /* Assets.xcassets */; };
		E82DF5E0267CD60D00077D81 /* LaunchScreen.storyboard in Resources */ = {isa = PBXBuildFile; fileRef = E82DF5DE267CD60D00077D81 /* LaunchScreen.storyboard */; };
		E82DF5EB267CD60E00077D81 /* AsyncExampleTests.swift in Sources */ = {isa = PBXBuildFile; fileRef = E82DF5EA267CD60E00077D81 /* AsyncExampleTests.swift */; };
		E82DF5F6267CD60E00077D81 /* AsyncExampleUITests.swift in Sources */ = {isa = PBXBuildFile; fileRef = E82DF5F5267CD60E00077D81 /* AsyncExampleUITests.swift */; };
/* End PBXBuildFile section */

/* Begin PBXContainerItemProxy section */
		E82DF5E7267CD60E00077D81 /* PBXContainerItemProxy */ = {
			isa = PBXContainerItemProxy;
			containerPortal = E82DF5C8267CD60700077D81 /* Project object */;
			proxyType = 1;
			remoteGlobalIDString = E82DF5CF267CD60700077D81;
			remoteInfo = AsyncExample;
		};
		E82DF5F2267CD60E00077D81 /* PBXContainerItemProxy */ = {
			isa = PBXContainerItemProxy;
			containerPortal = E82DF5C8267CD60700077D81 /* Project object */;
			proxyType = 1;
			remoteGlobalIDString = E82DF5CF267CD60700077D81;
			remoteInfo = AsyncExample;
		};
/* End PBXContainerItemProxy section */

/* Begin PBXFileReference section */
		E82DF5D0267CD60700077D81 /* AsyncExample.app */ = {isa = PBXFileReference; explicitFileType = wrapper.application; includeInIndex = 0; path = AsyncExample.app; sourceTree = BUILT_PRODUCTS_DIR; };
		E82DF5D3267CD60700077D81 /* AppDelegate.swift */ = {isa = PBXFileReference; lastKnownFileType = sourcecode.swift; path = AppDelegate.swift; sourceTree = "<group>"; };
		E82DF5D5267CD60700077D81 /* SceneDelegate.swift */ = {isa = PBXFileReference; lastKnownFileType = sourcecode.swift; path = SceneDelegate.swift; sourceTree = "<group>"; };
		E82DF5D7267CD60700077D81 /* ViewController.swift */ = {isa = PBXFileReference; lastKnownFileType = sourcecode.swift; path = ViewController.swift; sourceTree = "<group>"; };
		E82DF5DA267CD60700077D81 /* Base */ = {isa = PBXFileReference; lastKnownFileType = file.storyboard; name = Base; path = Base.lproj/Main.storyboard; sourceTree = "<group>"; };
		E82DF5DC267CD60D00077D81 /* Assets.xcassets */ = {isa = PBXFileReference; lastKnownFileType = folder.assetcatalog; path = Assets.xcassets; sourceTree = "<group>"; };
		E82DF5DF267CD60D00077D81 /* Base */ = {isa = PBXFileReference; lastKnownFileType = file.storyboard; name = Base; path = Base.lproj/LaunchScreen.storyboard; sourceTree = "<group>"; };
		E82DF5E1267CD60D00077D81 /* Info.plist */ = {isa = PBXFileReference; lastKnownFileType = text.plist.xml; path = Info.plist; sourceTree = "<group>"; };
		E82DF5E6267CD60E00077D81 /* AsyncExampleTests.xctest */ = {isa = PBXFileReference; explicitFileType = wrapper.cfbundle; includeInIndex = 0; path = AsyncExampleTests.xctest; sourceTree = BUILT_PRODUCTS_DIR; };
		E82DF5EA267CD60E00077D81 /* AsyncExampleTests.swift */ = {isa = PBXFileReference; lastKnownFileType = sourcecode.swift; path = AsyncExampleTests.swift; sourceTree = "<group>"; };
		E82DF5EC267CD60E00077D81 /* Info.plist */ = {isa = PBXFileReference; lastKnownFileType = text.plist.xml; path = Info.plist; sourceTree = "<group>"; };
		E82DF5F1267CD60E00077D81 /* AsyncExampleUITests.xctest */ = {isa = PBXFileReference; explicitFileType = wrapper.cfbundle; includeInIndex = 0; path = AsyncExampleUITests.xctest; sourceTree = BUILT_PRODUCTS_DIR; };
		E82DF5F5267CD60E00077D81 /* AsyncExampleUITests.swift */ = {isa = PBXFileReference; lastKnownFileType = sourcecode.swift; path = AsyncExampleUITests.swift; sourceTree = "<group>"; };
		E82DF5F7267CD60E00077D81 /* Info.plist */ = {isa = PBXFileReference; lastKnownFileType = text.plist.xml; path = Info.plist; sourceTree = "<group>"; };
/* End PBXFileReference section */

/* Begin PBXFrameworksBuildPhase section */
		E82DF5CD267CD60700077D81 /* Frameworks */ = {
			isa = PBXFrameworksBuildPhase;
			buildActionMask = 2147483647;
			files = (
			);
			runOnlyForDeploymentPostprocessing = 0;
		};
		E82DF5E3267CD60E00077D81 /* Frameworks */ = {
			isa = PBXFrameworksBuildPhase;
			buildActionMask = 2147483647;
			files = (
			);
			runOnlyForDeploymentPostprocessing = 0;
		};
		E82DF5EE267CD60E00077D81 /* Frameworks */ = {
			isa = PBXFrameworksBuildPhase;
			buildActionMask = 2147483647;
			files = (
			);
			runOnlyForDeploymentPostprocessing = 0;
		};
/* End PBXFrameworksBuildPhase section */

/* Begin PBXGroup section */
		E82DF5C7267CD60700077D81 = {
			isa = PBXGroup;
			children = (
				E82DF5D2267CD60700077D81 /* AsyncExample */,
				E82DF5E9267CD60E00077D81 /* AsyncExampleTests */,
				E82DF5F4267CD60E00077D81 /* AsyncExampleUITests */,
				E82DF5D1267CD60700077D81 /* Products */,
			);
			sourceTree = "<group>";
		};
		E82DF5D1267CD60700077D81 /* Products */ = {
			isa = PBXGroup;
			children = (
				E82DF5D0267CD60700077D81 /* AsyncExample.app */,
				E82DF5E6267CD60E00077D81 /* AsyncExampleTests.xctest */,
				E82DF5F1267CD60E00077D81 /* AsyncExampleUITests.xctest */,
			);
			name = Products;
			sourceTree = "<group>";
		};
		E82DF5D2267CD60700077D81 /* AsyncExample */ = {
			isa = PBXGroup;
			children = (
				E82DF5D3267CD60700077D81 /* AppDelegate.swift */,
				E82DF5D5267CD60700077D81 /* SceneDelegate.swift */,
				E82DF5D7267CD60700077D81 /* ViewController.swift */,
				E82DF5D9267CD60700077D81 /* Main.storyboard */,
				E82DF5DC267CD60D00077D81 /* Assets.xcassets */,
				E82DF5DE267CD60D00077D81 /* LaunchScreen.storyboard */,
				E82DF5E1267CD60D00077D81 /* Info.plist */,
			);
			path = AsyncExample;
			sourceTree = "<group>";
		};
		E82DF5E9267CD60E00077D81 /* AsyncExampleTests */ = {
			isa = PBXGroup;
			children = (
				E82DF5EA267CD60E00077D81 /* AsyncExampleTests.swift */,
				E82DF5EC267CD60E00077D81 /* Info.plist */,
			);
			path = AsyncExampleTests;
			sourceTree = "<group>";
		};
		E82DF5F4267CD60E00077D81 /* AsyncExampleUITests */ = {
			isa = PBXGroup;
			children = (
				E82DF5F5267CD60E00077D81 /* AsyncExampleUITests.swift */,
				E82DF5F7267CD60E00077D81 /* Info.plist */,
			);
			path = AsyncExampleUITests;
			sourceTree = "<group>";
		};
/* End PBXGroup section */

/* Begin PBXNativeTarget section */
		E82DF5CF267CD60700077D81 /* AsyncExample */ = {
			isa = PBXNativeTarget;
			buildConfigurationList = E82DF5FA267CD60E00077D81 /* Build configuration list for PBXNativeTarget "AsyncExample" */;
			buildPhases = (
				E82DF5CC267CD60700077D81 /* Sources */,
				E82DF5CD267CD60700077D81 /* Frameworks */,
				E82DF5CE267CD60700077D81 /* Resources */,
			);
			buildRules = (
			);
			dependencies = (
			);
			name = AsyncExample;
			productName = AsyncExample;
			productReference = E82DF5D0267CD60700077D81 /* AsyncExample.app */;
			productType = "com.apple.product-type.application";
		};
		E82DF5E5267CD60E00077D81 /* AsyncExampleTests */ = {
			isa = PBXNativeTarget;
			buildConfigurationList = E82DF5FD267CD60E00077D81 /* Build configuration list for PBXNativeTarget "AsyncExampleTests" */;
			buildPhases = (
				E82DF5E2267CD60E00077D81 /* Sources */,
				E82DF5E3267CD60E00077D81 /* Frameworks */,
				E82DF5E4267CD60E00077D81 /* Resources */,
			);
			buildRules = (
			);
			dependencies = (
				E82DF5E8267CD60E00077D81 /* PBXTargetDependency */,
			);
			name = AsyncExampleTests;
			productName = AsyncExampleTests;
			productReference = E82DF5E6267CD60E00077D81 /* AsyncExampleTests.xctest */;
			productType = "com.apple.product-type.bundle.unit-test";
		};
		E82DF5F0267CD60E00077D81 /* AsyncExampleUITests */ = {
			isa = PBXNativeTarget;
			buildConfigurationList = E82DF600267CD60E00077D81 /* Build configuration list for PBXNativeTarget "AsyncExampleUITests" */;
			buildPhases = (
				E82DF5ED267CD60E00077D81 /* Sources */,
				E82DF5EE267CD60E00077D81 /* Frameworks */,
				E82DF5EF267CD60E00077D81 /* Resources */,
			);
			buildRules = (
			);
			dependencies = (
				E82DF5F3267CD60E00077D81 /* PBXTargetDependency */,
			);
			name = AsyncExampleUITests;
			productName = AsyncExampleUITests;
			productReference = E82DF5F1267CD60E00077D81 /* AsyncExampleUITests.xctest */;
			productType = "com.apple.product-type.bundle.ui-testing";
		};
/* End PBXNativeTarget section */

/* Begin PBXProject section */
		E82DF5C8267CD60700077D81 /* Project object */ = {
			isa = PBXProject;
			attributes = {
				LastSwiftUpdateCheck = 1250;
				LastUpgradeCheck = 1250;
				TargetAttributes = {
					E82DF5CF267CD60700077D81 = {
						CreatedOnToolsVersion = 12.5;
					};
					E82DF5E5267CD60E00077D81 = {
						CreatedOnToolsVersion = 12.5;
						TestTargetID = E82DF5CF267CD60700077D81;
					};
					E82DF5F0267CD60E00077D81 = {
						CreatedOnToolsVersion = 12.5;
						TestTargetID = E82DF5CF267CD60700077D81;
					};
				};
			};
			buildConfigurationList = E82DF5CB267CD60700077D81 /* Build configuration list for PBXProject "AsyncExample" */;
			compatibilityVersion = "Xcode 9.3";
			developmentRegion = en;
			hasScannedForEncodings = 0;
			knownRegions = (
				en,
				Base,
			);
			mainGroup = E82DF5C7267CD60700077D81;
			productRefGroup = E82DF5D1267CD60700077D81 /* Products */;
			projectDirPath = "";
			projectRoot = "";
			targets = (
				E82DF5CF267CD60700077D81 /* AsyncExample */,
				E82DF5E5267CD60E00077D81 /* AsyncExampleTests */,
				E82DF5F0267CD60E00077D81 /* AsyncExampleUITests */,
			);
		};
/* End PBXProject section */

/* Begin PBXResourcesBuildPhase section */
		E82DF5CE267CD60700077D81 /* Resources */ = {
			isa = PBXResourcesBuildPhase;
			buildActionMask = 2147483647;
			files = (
				E82DF5E0267CD60D00077D81 /* LaunchScreen.storyboard in Resources */,
				E82DF5DD267CD60D00077D81 /* Assets.xcassets in Resources */,
				E82DF5DB267CD60700077D81 /* Main.storyboard in Resources */,
			);
			runOnlyForDeploymentPostprocessing = 0;
		};
		E82DF5E4267CD60E00077D81 /* Resources */ = {
			isa = PBXResourcesBuildPhase;
			buildActionMask = 2147483647;
			files = (
			);
			runOnlyForDeploymentPostprocessing = 0;
		};
		E82DF5EF267CD60E00077D81 /* Resources */ = {
			isa = PBXResourcesBuildPhase;
			buildActionMask = 2147483647;
			files = (
			);
			runOnlyForDeploymentPostprocessing = 0;
		};
/* End PBXResourcesBuildPhase section */

/* Begin PBXSourcesBuildPhase section */
		E82DF5CC267CD60700077D81 /* Sources */ = {
			isa = PBXSourcesBuildPhase;
			buildActionMask = 2147483647;
			files = (
				E82DF5D8267CD60700077D81 /* ViewController.swift in Sources */,
				E82DF5D4267CD60700077D81 /* AppDelegate.swift in Sources */,
				E82DF5D6267CD60700077D81 /* SceneDelegate.swift in Sources */,
			);
			runOnlyForDeploymentPostprocessing = 0;
		};
		E82DF5E2267CD60E00077D81 /* Sources */ = {
			isa = PBXSourcesBuildPhase;
			buildActionMask = 2147483647;
			files = (
				E82DF5EB267CD60E00077D81 /* AsyncExampleTests.swift in Sources */,
			);
			runOnlyForDeploymentPostprocessing = 0;
		};
		E82DF5ED267CD60E00077D81 /* Sources */ = {
			isa = PBXSourcesBuildPhase;
			buildActionMask = 2147483647;
			files = (
				E82DF5F6267CD60E00077D81 /* AsyncExampleUITests.swift in Sources */,
			);
			runOnlyForDeploymentPostprocessing = 0;
		};
/* End PBXSourcesBuildPhase section */

/* Begin PBXTargetDependency section */
		E82DF5E8267CD60E00077D81 /* PBXTargetDependency */ = {
			isa = PBXTargetDependency;
			target = E82DF5CF267CD60700077D81 /* AsyncExample */;
			targetProxy = E82DF5E7267CD60E00077D81 /* PBXContainerItemProxy */;
		};
		E82DF5F3267CD60E00077D81 /* PBXTargetDependency */ = {
			isa = PBXTargetDependency;
			target = E82DF5CF267CD60700077D81 /* AsyncExample */;
			targetProxy = E82DF5F2267CD60E00077D81 /* PBXContainerItemProxy */;
		};
/* End PBXTargetDependency section */

/* Begin PBXVariantGroup section */
		E82DF5D9267CD60700077D81 /* Main.storyboard */ = {
			isa = PBXVariantGroup;
			children = (
				E82DF5DA267CD60700077D81 /* Base */,
			);
			name = Main.storyboard;
			sourceTree = "<group>";
		};
		E82DF5DE267CD60D00077D81 /* LaunchScreen.storyboard */ = {
			isa = PBXVariantGroup;
			children = (
				E82DF5DF267CD60D00077D81 /* Base */,
			);
			name = LaunchScreen.storyboard;
			sourceTree = "<group>";
		};
/* End PBXVariantGroup section */

/* Begin XCBuildConfiguration section */
		E82DF5F8267CD60E00077D81 /* Debug */ = {
			isa = XCBuildConfiguration;
			buildSettings = {
				ALWAYS_SEARCH_USER_PATHS = NO;
				CLANG_ANALYZER_NONNULL = YES;
				CLANG_ANALYZER_NUMBER_OBJECT_CONVERSION = YES_AGGRESSIVE;
				CLANG_CXX_LANGUAGE_STANDARD = "gnu++14";
				CLANG_CXX_LIBRARY = "libc++";
				CLANG_ENABLE_MODULES = YES;
				CLANG_ENABLE_OBJC_ARC = YES;
				CLANG_ENABLE_OBJC_WEAK = YES;
				CLANG_WARN_BLOCK_CAPTURE_AUTORELEASING = YES;
				CLANG_WARN_BOOL_CONVERSION = YES;
				CLANG_WARN_COMMA = YES;
				CLANG_WARN_CONSTANT_CONVERSION = YES;
				CLANG_WARN_DEPRECATED_OBJC_IMPLEMENTATIONS = YES;
				CLANG_WARN_DIRECT_OBJC_ISA_USAGE = YES_ERROR;
				CLANG_WARN_DOCUMENTATION_COMMENTS = YES;
				CLANG_WARN_EMPTY_BODY = YES;
				CLANG_WARN_ENUM_CONVERSION = YES;
				CLANG_WARN_INFINITE_RECURSION = YES;
				CLANG_WARN_INT_CONVERSION = YES;
				CLANG_WARN_NON_LITERAL_NULL_CONVERSION = YES;
				CLANG_WARN_OBJC_IMPLICIT_RETAIN_SELF = YES;
				CLANG_WARN_OBJC_LITERAL_CONVERSION = YES;
				CLANG_WARN_OBJC_ROOT_CLASS = YES_ERROR;
				CLANG_WARN_QUOTED_INCLUDE_IN_FRAMEWORK_HEADER = YES;
				CLANG_WARN_RANGE_LOOP_ANALYSIS = YES;
				CLANG_WARN_STRICT_PROTOTYPES = YES;
				CLANG_WARN_SUSPICIOUS_MOVE = YES;
				CLANG_WARN_UNGUARDED_AVAILABILITY = YES_AGGRESSIVE;
				CLANG_WARN_UNREACHABLE_CODE = YES;
				CLANG_WARN__DUPLICATE_METHOD_MATCH = YES;
				COPY_PHASE_STRIP = NO;
				DEBUG_INFORMATION_FORMAT = dwarf;
				ENABLE_STRICT_OBJC_MSGSEND = YES;
				ENABLE_TESTABILITY = YES;
				GCC_C_LANGUAGE_STANDARD = gnu11;
				GCC_DYNAMIC_NO_PIC = NO;
				GCC_NO_COMMON_BLOCKS = YES;
				GCC_OPTIMIZATION_LEVEL = 0;
				GCC_PREPROCESSOR_DEFINITIONS = (
					"DEBUG=1",
					"$(inherited)",
				);
				GCC_WARN_64_TO_32_BIT_CONVERSION = YES;
				GCC_WARN_ABOUT_RETURN_TYPE = YES_ERROR;
				GCC_WARN_UNDECLARED_SELECTOR = YES;
				GCC_WARN_UNINITIALIZED_AUTOS = YES_AGGRESSIVE;
				GCC_WARN_UNUSED_FUNCTION = YES;
				GCC_WARN_UNUSED_VARIABLE = YES;
				IPHONEOS_DEPLOYMENT_TARGET = 14.5;
				MTL_ENABLE_DEBUG_INFO = INCLUDE_SOURCE;
				MTL_FAST_MATH = YES;
				ONLY_ACTIVE_ARCH = YES;
				SDKROOT = iphoneos;
				SWIFT_ACTIVE_COMPILATION_CONDITIONS = DEBUG;
				SWIFT_OPTIMIZATION_LEVEL = "-Onone";
			};
			name = Debug;
		};
		E82DF5F9267CD60E00077D81 /* Release */ = {
			isa = XCBuildConfiguration;
			buildSettings = {
				ALWAYS_SEARCH_USER_PATHS = NO;
				CLANG_ANALYZER_NONNULL = YES;
				CLANG_ANALYZER_NUMBER_OBJECT_CONVERSION = YES_AGGRESSIVE;
				CLANG_CXX_LANGUAGE_STANDARD = "gnu++14";
				CLANG_CXX_LIBRARY = "libc++";
				CLANG_ENABLE_MODULES = YES;
				CLANG_ENABLE_OBJC_ARC = YES;
				CLANG_ENABLE_OBJC_WEAK = YES;
				CLANG_WARN_BLOCK_CAPTURE_AUTORELEASING = YES;
				CLANG_WARN_BOOL_CONVERSION = YES;
				CLANG_WARN_COMMA = YES;
				CLANG_WARN_CONSTANT_CONVERSION = YES;
				CLANG_WARN_DEPRECATED_OBJC_IMPLEMENTATIONS = YES;
				CLANG_WARN_DIRECT_OBJC_ISA_USAGE = YES_ERROR;
				CLANG_WARN_DOCUMENTATION_COMMENTS = YES;
				CLANG_WARN_EMPTY_BODY = YES;
				CLANG_WARN_ENUM_CONVERSION = YES;
				CLANG_WARN_INFINITE_RECURSION = YES;
				CLANG_WARN_INT_CONVERSION = YES;
				CLANG_WARN_NON_LITERAL_NULL_CONVERSION = YES;
				CLANG_WARN_OBJC_IMPLICIT_RETAIN_SELF = YES;
				CLANG_WARN_OBJC_LITERAL_CONVERSION = YES;
				CLANG_WARN_OBJC_ROOT_CLASS = YES_ERROR;
				CLANG_WARN_QUOTED_INCLUDE_IN_FRAMEWORK_HEADER = YES;
				CLANG_WARN_RANGE_LOOP_ANALYSIS = YES;
				CLANG_WARN_STRICT_PROTOTYPES = YES;
				CLANG_WARN_SUSPICIOUS_MOVE = YES;
				CLANG_WARN_UNGUARDED_AVAILABILITY = YES_AGGRESSIVE;
				CLANG_WARN_UNREACHABLE_CODE = YES;
				CLANG_WARN__DUPLICATE_METHOD_MATCH = YES;
				COPY_PHASE_STRIP = NO;
				DEBUG_INFORMATION_FORMAT = "dwarf-with-dsym";
				ENABLE_NS_ASSERTIONS = NO;
				ENABLE_STRICT_OBJC_MSGSEND = YES;
				GCC_C_LANGUAGE_STANDARD = gnu11;
				GCC_NO_COMMON_BLOCKS = YES;
				GCC_WARN_64_TO_32_BIT_CONVERSION = YES;
				GCC_WARN_ABOUT_RETURN_TYPE = YES_ERROR;
				GCC_WARN_UNDECLARED_SELECTOR = YES;
				GCC_WARN_UNINITIALIZED_AUTOS = YES_AGGRESSIVE;
				GCC_WARN_UNUSED_FUNCTION = YES;
				GCC_WARN_UNUSED_VARIABLE = YES;
				IPHONEOS_DEPLOYMENT_TARGET = 14.5;
				MTL_ENABLE_DEBUG_INFO = NO;
				MTL_FAST_MATH = YES;
				SDKROOT = iphoneos;
				SWIFT_COMPILATION_MODE = wholemodule;
				SWIFT_OPTIMIZATION_LEVEL = "-O";
				VALIDATE_PRODUCT = YES;
			};
			name = Release;
		};
		E82DF5FB267CD60E00077D81 /* Debug */ = {
			isa = XCBuildConfiguration;
			buildSettings = {
				ASSETCATALOG_COMPILER_APPICON_NAME = AppIcon;
				ASSETCATALOG_COMPILER_GLOBAL_ACCENT_COLOR_NAME = AccentColor;
				CODE_SIGN_STYLE = Automatic;
				INFOPLIST_FILE = AsyncExample/Info.plist;
				LD_RUNPATH_SEARCH_PATHS = (
					"$(inherited)",
					"@executable_path/Frameworks",
				);
				PRODUCT_BUNDLE_IDENTIFIER = com.jiin.AsyncExample;
				PRODUCT_NAME = "$(TARGET_NAME)";
				SWIFT_VERSION = 5.0;
				TARGETED_DEVICE_FAMILY = "1,2";
			};
			name = Debug;
		};
		E82DF5FC267CD60E00077D81 /* Release */ = {
			isa = XCBuildConfiguration;
			buildSettings = {
				ASSETCATALOG_COMPILER_APPICON_NAME = AppIcon;
				ASSETCATALOG_COMPILER_GLOBAL_ACCENT_COLOR_NAME = AccentColor;
				CODE_SIGN_STYLE = Automatic;
				INFOPLIST_FILE = AsyncExample/Info.plist;
				LD_RUNPATH_SEARCH_PATHS = (
					"$(inherited)",
					"@executable_path/Frameworks",
				);
				PRODUCT_BUNDLE_IDENTIFIER = com.jiin.AsyncExample;
				PRODUCT_NAME = "$(TARGET_NAME)";
				SWIFT_VERSION = 5.0;
				TARGETED_DEVICE_FAMILY = "1,2";
			};
			name = Release;
		};
		E82DF5FE267CD60E00077D81 /* Debug */ = {
			isa = XCBuildConfiguration;
			buildSettings = {
				ALWAYS_EMBED_SWIFT_STANDARD_LIBRARIES = YES;
				BUNDLE_LOADER = "$(TEST_HOST)";
				CODE_SIGN_STYLE = Automatic;
				INFOPLIST_FILE = AsyncExampleTests/Info.plist;
				IPHONEOS_DEPLOYMENT_TARGET = 14.5;
				LD_RUNPATH_SEARCH_PATHS = (
					"$(inherited)",
					"@executable_path/Frameworks",
					"@loader_path/Frameworks",
				);
				PRODUCT_BUNDLE_IDENTIFIER = com.jiin.AsyncExampleTests;
				PRODUCT_NAME = "$(TARGET_NAME)";
				SWIFT_VERSION = 5.0;
				TARGETED_DEVICE_FAMILY = "1,2";
				TEST_HOST = "$(BUILT_PRODUCTS_DIR)/AsyncExample.app/AsyncExample";
			};
			name = Debug;
		};
		E82DF5FF267CD60E00077D81 /* Release */ = {
			isa = XCBuildConfiguration;
			buildSettings = {
				ALWAYS_EMBED_SWIFT_STANDARD_LIBRARIES = YES;
				BUNDLE_LOADER = "$(TEST_HOST)";
				CODE_SIGN_STYLE = Automatic;
				INFOPLIST_FILE = AsyncExampleTests/Info.plist;
				IPHONEOS_DEPLOYMENT_TARGET = 14.5;
				LD_RUNPATH_SEARCH_PATHS = (
					"$(inherited)",
					"@executable_path/Frameworks",
					"@loader_path/Frameworks",
				);
				PRODUCT_BUNDLE_IDENTIFIER = com.jiin.AsyncExampleTests;
				PRODUCT_NAME = "$(TARGET_NAME)";
				SWIFT_VERSION = 5.0;
				TARGETED_DEVICE_FAMILY = "1,2";
				TEST_HOST = "$(BUILT_PRODUCTS_DIR)/AsyncExample.app/AsyncExample";
			};
			name = Release;
		};
		E82DF601267CD60E00077D81 /* Debug */ = {
			isa = XCBuildConfiguration;
			buildSettings = {
				ALWAYS_EMBED_SWIFT_STANDARD_LIBRARIES = YES;
				CODE_SIGN_STYLE = Automatic;
				INFOPLIST_FILE = AsyncExampleUITests/Info.plist;
				LD_RUNPATH_SEARCH_PATHS = (
					"$(inherited)",
					"@executable_path/Frameworks",
					"@loader_path/Frameworks",
				);
				PRODUCT_BUNDLE_IDENTIFIER = com.jiin.AsyncExampleUITests;
				PRODUCT_NAME = "$(TARGET_NAME)";
				SWIFT_VERSION = 5.0;
				TARGETED_DEVICE_FAMILY = "1,2";
				TEST_TARGET_NAME = AsyncExample;
			};
			name = Debug;
		};
		E82DF602267CD60E00077D81 /* Release */ = {
			isa = XCBuildConfiguration;
			buildSettings = {
				ALWAYS_EMBED_SWIFT_STANDARD_LIBRARIES = YES;
				CODE_SIGN_STYLE = Automatic;
				INFOPLIST_FILE = AsyncExampleUITests/Info.plist;
				LD_RUNPATH_SEARCH_PATHS = (
					"$(inherited)",
					"@executable_path/Frameworks",
					"@loader_path/Frameworks",
				);
				PRODUCT_BUNDLE_IDENTIFIER = com.jiin.AsyncExampleUITests;
				PRODUCT_NAME = "$(TARGET_NAME)";
				SWIFT_VERSION = 5.0;
				TARGETED_DEVICE_FAMILY = "1,2";
				TEST_TARGET_NAME = AsyncExample;
			};
			name = Release;
		};
/* End XCBuildConfiguration section */

/* Begin XCConfigurationList section */
		E82DF5CB267CD60700077D81 /* Build configuration list for PBXProject "AsyncExample" */ = {
			isa = XCConfigurationList;
			buildConfigurations = (
				E82DF5F8267CD60E00077D81 /* Debug */,
				E82DF5F9267CD60E00077D81 /* Release */,
			);
			defaultConfigurationIsVisible = 0;
			defaultConfigurationName = Release;
		};
		E82DF5FA267CD60E00077D81 /* Build configuration list for PBXNativeTarget "AsyncExample" */ = {
			isa = XCConfigurationList;
			buildConfigurations = (
				E82DF5FB267CD60E00077D81 /* Debug */,
				E82DF5FC267CD60E00077D81 /* Release */,
			);
			defaultConfigurationIsVisible = 0;
			defaultConfigurationName = Release;
		};
		E82DF5FD267CD60E00077D81 /* Build configuration list for PBXNativeTarget "AsyncExampleTests" */ = {
			isa = XCConfigurationList;
			buildConfigurations = (
				E82DF5FE267CD60E00077D81 /* Debug */,
				E82DF5FF267CD60E00077D81 /* Release */,
			);
			defaultConfigurationIsVisible = 0;
			defaultConfigurationName = Release;
		};
		E82DF600267CD60E00077D81 /* Build configuration list for PBXNativeTarget "AsyncExampleUITests" */ = {
			isa = XCConfigurationList;
			buildConfigurations = (
				E82DF601267CD60E00077D81 /* Debug */,
				E82DF602267CD60E00077D81 /* Release */,
			);
			defaultConfigurationIsVisible = 0;
			defaultConfigurationName = Release;
		};
/* End XCConfigurationList section */
	};
	rootObject = E82DF5C8267CD60700077D81 /* Project object */;
}
