// !$*UTF8*$!
{
	archiveVersion = 1;
	classes = {
	};
	objectVersion = 50;
	objects = {

/* Begin PBXBuildFile section */
		E841DBA0269DC53A0015284B /* AppDelegate.swift in Sources */ = {isa = PBXBuildFile; fileRef = E841DB9F269DC53A0015284B /* AppDelegate.swift */; };
		E841DBA2269DC53A0015284B /* SceneDelegate.swift in Sources */ = {isa = PBXBuildFile; fileRef = E841DBA1269DC53A0015284B /* SceneDelegate.swift */; };
		E841DBA4269DC53A0015284B /* ViewController.swift in Sources */ = {isa = PBXBuildFile; fileRef = E841DBA3269DC53A0015284B /* ViewController.swift */; };
		E841DBA7269DC53A0015284B /* Main.storyboard in Resources */ = {isa = PBXBuildFile; fileRef = E841DBA5269DC53A0015284B /* Main.storyboard */; };
		E841DBA9269DC53C0015284B /* Assets.xcassets in Resources */ = {isa = PBXBuildFile; fileRef = E841DBA8269DC53C0015284B /* Assets.xcassets */; };
		E841DBAC269DC53C0015284B /* LaunchScreen.storyboard in Resources */ = {isa = PBXBuildFile; fileRef = E841DBAA269DC53C0015284B /* LaunchScreen.storyboard */; };
		E841DBB7269DC53C0015284B /* NetworkingTests.swift in Sources */ = {isa = PBXBuildFile; fileRef = E841DBB6269DC53C0015284B /* NetworkingTests.swift */; };
		E841DBC2269DC53C0015284B /* NetworkingUITests.swift in Sources */ = {isa = PBXBuildFile; fileRef = E841DBC1269DC53C0015284B /* NetworkingUITests.swift */; };
		E841DBD0269DC6610015284B /* Model.swift in Sources */ = {isa = PBXBuildFile; fileRef = E841DBCF269DC6610015284B /* Model.swift */; };
		E841DBD2269F1D880015284B /* Request.swift in Sources */ = {isa = PBXBuildFile; fileRef = E841DBD1269F1D880015284B /* Request.swift */; };
/* End PBXBuildFile section */

/* Begin PBXContainerItemProxy section */
		E841DBB3269DC53C0015284B /* PBXContainerItemProxy */ = {
			isa = PBXContainerItemProxy;
			containerPortal = E841DB94269DC53A0015284B /* Project object */;
			proxyType = 1;
			remoteGlobalIDString = E841DB9B269DC53A0015284B;
			remoteInfo = Networking;
		};
		E841DBBE269DC53C0015284B /* PBXContainerItemProxy */ = {
			isa = PBXContainerItemProxy;
			containerPortal = E841DB94269DC53A0015284B /* Project object */;
			proxyType = 1;
			remoteGlobalIDString = E841DB9B269DC53A0015284B;
			remoteInfo = Networking;
		};
/* End PBXContainerItemProxy section */

/* Begin PBXFileReference section */
		E841DB9C269DC53A0015284B /* Networking.app */ = {isa = PBXFileReference; explicitFileType = wrapper.application; includeInIndex = 0; path = Networking.app; sourceTree = BUILT_PRODUCTS_DIR; };
		E841DB9F269DC53A0015284B /* AppDelegate.swift */ = {isa = PBXFileReference; lastKnownFileType = sourcecode.swift; path = AppDelegate.swift; sourceTree = "<group>"; };
		E841DBA1269DC53A0015284B /* SceneDelegate.swift */ = {isa = PBXFileReference; lastKnownFileType = sourcecode.swift; path = SceneDelegate.swift; sourceTree = "<group>"; };
		E841DBA3269DC53A0015284B /* ViewController.swift */ = {isa = PBXFileReference; lastKnownFileType = sourcecode.swift; path = ViewController.swift; sourceTree = "<group>"; };
		E841DBA6269DC53A0015284B /* Base */ = {isa = PBXFileReference; lastKnownFileType = file.storyboard; name = Base; path = Base.lproj/Main.storyboard; sourceTree = "<group>"; };
		E841DBA8269DC53C0015284B /* Assets.xcassets */ = {isa = PBXFileReference; lastKnownFileType = folder.assetcatalog; path = Assets.xcassets; sourceTree = "<group>"; };
		E841DBAB269DC53C0015284B /* Base */ = {isa = PBXFileReference; lastKnownFileType = file.storyboard; name = Base; path = Base.lproj/LaunchScreen.storyboard; sourceTree = "<group>"; };
		E841DBAD269DC53C0015284B /* Info.plist */ = {isa = PBXFileReference; lastKnownFileType = text.plist.xml; path = Info.plist; sourceTree = "<group>"; };
		E841DBB2269DC53C0015284B /* NetworkingTests.xctest */ = {isa = PBXFileReference; explicitFileType = wrapper.cfbundle; includeInIndex = 0; path = NetworkingTests.xctest; sourceTree = BUILT_PRODUCTS_DIR; };
		E841DBB6269DC53C0015284B /* NetworkingTests.swift */ = {isa = PBXFileReference; lastKnownFileType = sourcecode.swift; path = NetworkingTests.swift; sourceTree = "<group>"; };
		E841DBB8269DC53C0015284B /* Info.plist */ = {isa = PBXFileReference; lastKnownFileType = text.plist.xml; path = Info.plist; sourceTree = "<group>"; };
		E841DBBD269DC53C0015284B /* NetworkingUITests.xctest */ = {isa = PBXFileReference; explicitFileType = wrapper.cfbundle; includeInIndex = 0; path = NetworkingUITests.xctest; sourceTree = BUILT_PRODUCTS_DIR; };
		E841DBC1269DC53C0015284B /* NetworkingUITests.swift */ = {isa = PBXFileReference; lastKnownFileType = sourcecode.swift; path = NetworkingUITests.swift; sourceTree = "<group>"; };
		E841DBC3269DC53C0015284B /* Info.plist */ = {isa = PBXFileReference; lastKnownFileType = text.plist.xml; path = Info.plist; sourceTree = "<group>"; };
		E841DBCF269DC6610015284B /* Model.swift */ = {isa = PBXFileReference; lastKnownFileType = sourcecode.swift; path = Model.swift; sourceTree = "<group>"; };
		E841DBD1269F1D880015284B /* Request.swift */ = {isa = PBXFileReference; lastKnownFileType = sourcecode.swift; path = Request.swift; sourceTree = "<group>"; };
/* End PBXFileReference section */

/* Begin PBXFrameworksBuildPhase section */
		E841DB99269DC53A0015284B /* Frameworks */ = {
			isa = PBXFrameworksBuildPhase;
			buildActionMask = 2147483647;
			files = (
			);
			runOnlyForDeploymentPostprocessing = 0;
		};
		E841DBAF269DC53C0015284B /* Frameworks */ = {
			isa = PBXFrameworksBuildPhase;
			buildActionMask = 2147483647;
			files = (
			);
			runOnlyForDeploymentPostprocessing = 0;
		};
		E841DBBA269DC53C0015284B /* Frameworks */ = {
			isa = PBXFrameworksBuildPhase;
			buildActionMask = 2147483647;
			files = (
			);
			runOnlyForDeploymentPostprocessing = 0;
		};
/* End PBXFrameworksBuildPhase section */

/* Begin PBXGroup section */
		E841DB93269DC53A0015284B = {
			isa = PBXGroup;
			children = (
				E841DBD1269F1D880015284B /* Request.swift */,
				E841DB9E269DC53A0015284B /* Networking */,
				E841DBB5269DC53C0015284B /* NetworkingTests */,
				E841DBC0269DC53C0015284B /* NetworkingUITests */,
				E841DB9D269DC53A0015284B /* Products */,
			);
			sourceTree = "<group>";
		};
		E841DB9D269DC53A0015284B /* Products */ = {
			isa = PBXGroup;
			children = (
				E841DB9C269DC53A0015284B /* Networking.app */,
				E841DBB2269DC53C0015284B /* NetworkingTests.xctest */,
				E841DBBD269DC53C0015284B /* NetworkingUITests.xctest */,
			);
			name = Products;
			sourceTree = "<group>";
		};
		E841DB9E269DC53A0015284B /* Networking */ = {
			isa = PBXGroup;
			children = (
				E841DB9F269DC53A0015284B /* AppDelegate.swift */,
				E841DBA1269DC53A0015284B /* SceneDelegate.swift */,
				E841DBA3269DC53A0015284B /* ViewController.swift */,
				E841DBA5269DC53A0015284B /* Main.storyboard */,
				E841DBCF269DC6610015284B /* Model.swift */,
				E841DBA8269DC53C0015284B /* Assets.xcassets */,
				E841DBAA269DC53C0015284B /* LaunchScreen.storyboard */,
				E841DBAD269DC53C0015284B /* Info.plist */,
			);
			path = Networking;
			sourceTree = "<group>";
		};
		E841DBB5269DC53C0015284B /* NetworkingTests */ = {
			isa = PBXGroup;
			children = (
				E841DBB6269DC53C0015284B /* NetworkingTests.swift */,
				E841DBB8269DC53C0015284B /* Info.plist */,
			);
			path = NetworkingTests;
			sourceTree = "<group>";
		};
		E841DBC0269DC53C0015284B /* NetworkingUITests */ = {
			isa = PBXGroup;
			children = (
				E841DBC1269DC53C0015284B /* NetworkingUITests.swift */,
				E841DBC3269DC53C0015284B /* Info.plist */,
			);
			path = NetworkingUITests;
			sourceTree = "<group>";
		};
/* End PBXGroup section */

/* Begin PBXNativeTarget section */
		E841DB9B269DC53A0015284B /* Networking */ = {
			isa = PBXNativeTarget;
			buildConfigurationList = E841DBC6269DC53C0015284B /* Build configuration list for PBXNativeTarget "Networking" */;
			buildPhases = (
				E841DB98269DC53A0015284B /* Sources */,
				E841DB99269DC53A0015284B /* Frameworks */,
				E841DB9A269DC53A0015284B /* Resources */,
			);
			buildRules = (
			);
			dependencies = (
			);
			name = Networking;
			productName = Networking;
			productReference = E841DB9C269DC53A0015284B /* Networking.app */;
			productType = "com.apple.product-type.application";
		};
		E841DBB1269DC53C0015284B /* NetworkingTests */ = {
			isa = PBXNativeTarget;
			buildConfigurationList = E841DBC9269DC53C0015284B /* Build configuration list for PBXNativeTarget "NetworkingTests" */;
			buildPhases = (
				E841DBAE269DC53C0015284B /* Sources */,
				E841DBAF269DC53C0015284B /* Frameworks */,
				E841DBB0269DC53C0015284B /* Resources */,
			);
			buildRules = (
			);
			dependencies = (
				E841DBB4269DC53C0015284B /* PBXTargetDependency */,
			);
			name = NetworkingTests;
			productName = NetworkingTests;
			productReference = E841DBB2269DC53C0015284B /* NetworkingTests.xctest */;
			productType = "com.apple.product-type.bundle.unit-test";
		};
		E841DBBC269DC53C0015284B /* NetworkingUITests */ = {
			isa = PBXNativeTarget;
			buildConfigurationList = E841DBCC269DC53C0015284B /* Build configuration list for PBXNativeTarget "NetworkingUITests" */;
			buildPhases = (
				E841DBB9269DC53C0015284B /* Sources */,
				E841DBBA269DC53C0015284B /* Frameworks */,
				E841DBBB269DC53C0015284B /* Resources */,
			);
			buildRules = (
			);
			dependencies = (
				E841DBBF269DC53C0015284B /* PBXTargetDependency */,
			);
			name = NetworkingUITests;
			productName = NetworkingUITests;
			productReference = E841DBBD269DC53C0015284B /* NetworkingUITests.xctest */;
			productType = "com.apple.product-type.bundle.ui-testing";
		};
/* End PBXNativeTarget section */

/* Begin PBXProject section */
		E841DB94269DC53A0015284B /* Project object */ = {
			isa = PBXProject;
			attributes = {
				LastSwiftUpdateCheck = 1250;
				LastUpgradeCheck = 1250;
				TargetAttributes = {
					E841DB9B269DC53A0015284B = {
						CreatedOnToolsVersion = 12.5.1;
					};
					E841DBB1269DC53C0015284B = {
						CreatedOnToolsVersion = 12.5.1;
						TestTargetID = E841DB9B269DC53A0015284B;
					};
					E841DBBC269DC53C0015284B = {
						CreatedOnToolsVersion = 12.5.1;
						TestTargetID = E841DB9B269DC53A0015284B;
					};
				};
			};
			buildConfigurationList = E841DB97269DC53A0015284B /* Build configuration list for PBXProject "Networking" */;
			compatibilityVersion = "Xcode 9.3";
			developmentRegion = en;
			hasScannedForEncodings = 0;
			knownRegions = (
				en,
				Base,
			);
			mainGroup = E841DB93269DC53A0015284B;
			productRefGroup = E841DB9D269DC53A0015284B /* Products */;
			projectDirPath = "";
			projectRoot = "";
			targets = (
				E841DB9B269DC53A0015284B /* Networking */,
				E841DBB1269DC53C0015284B /* NetworkingTests */,
				E841DBBC269DC53C0015284B /* NetworkingUITests */,
			);
		};
/* End PBXProject section */

/* Begin PBXResourcesBuildPhase section */
		E841DB9A269DC53A0015284B /* Resources */ = {
			isa = PBXResourcesBuildPhase;
			buildActionMask = 2147483647;
			files = (
				E841DBAC269DC53C0015284B /* LaunchScreen.storyboard in Resources */,
				E841DBA9269DC53C0015284B /* Assets.xcassets in Resources */,
				E841DBA7269DC53A0015284B /* Main.storyboard in Resources */,
			);
			runOnlyForDeploymentPostprocessing = 0;
		};
		E841DBB0269DC53C0015284B /* Resources */ = {
			isa = PBXResourcesBuildPhase;
			buildActionMask = 2147483647;
			files = (
			);
			runOnlyForDeploymentPostprocessing = 0;
		};
		E841DBBB269DC53C0015284B /* Resources */ = {
			isa = PBXResourcesBuildPhase;
			buildActionMask = 2147483647;
			files = (
			);
			runOnlyForDeploymentPostprocessing = 0;
		};
/* End PBXResourcesBuildPhase section */

/* Begin PBXSourcesBuildPhase section */
		E841DB98269DC53A0015284B /* Sources */ = {
			isa = PBXSourcesBuildPhase;
			buildActionMask = 2147483647;
			files = (
				E841DBA4269DC53A0015284B /* ViewController.swift in Sources */,
				E841DBA0269DC53A0015284B /* AppDelegate.swift in Sources */,
				E841DBD2269F1D880015284B /* Request.swift in Sources */,
				E841DBA2269DC53A0015284B /* SceneDelegate.swift in Sources */,
				E841DBD0269DC6610015284B /* Model.swift in Sources */,
			);
			runOnlyForDeploymentPostprocessing = 0;
		};
		E841DBAE269DC53C0015284B /* Sources */ = {
			isa = PBXSourcesBuildPhase;
			buildActionMask = 2147483647;
			files = (
				E841DBB7269DC53C0015284B /* NetworkingTests.swift in Sources */,
			);
			runOnlyForDeploymentPostprocessing = 0;
		};
		E841DBB9269DC53C0015284B /* Sources */ = {
			isa = PBXSourcesBuildPhase;
			buildActionMask = 2147483647;
			files = (
				E841DBC2269DC53C0015284B /* NetworkingUITests.swift in Sources */,
			);
			runOnlyForDeploymentPostprocessing = 0;
		};
/* End PBXSourcesBuildPhase section */

/* Begin PBXTargetDependency section */
		E841DBB4269DC53C0015284B /* PBXTargetDependency */ = {
			isa = PBXTargetDependency;
			target = E841DB9B269DC53A0015284B /* Networking */;
			targetProxy = E841DBB3269DC53C0015284B /* PBXContainerItemProxy */;
		};
		E841DBBF269DC53C0015284B /* PBXTargetDependency */ = {
			isa = PBXTargetDependency;
			target = E841DB9B269DC53A0015284B /* Networking */;
			targetProxy = E841DBBE269DC53C0015284B /* PBXContainerItemProxy */;
		};
/* End PBXTargetDependency section */

/* Begin PBXVariantGroup section */
		E841DBA5269DC53A0015284B /* Main.storyboard */ = {
			isa = PBXVariantGroup;
			children = (
				E841DBA6269DC53A0015284B /* Base */,
			);
			name = Main.storyboard;
			sourceTree = "<group>";
		};
		E841DBAA269DC53C0015284B /* LaunchScreen.storyboard */ = {
			isa = PBXVariantGroup;
			children = (
				E841DBAB269DC53C0015284B /* Base */,
			);
			name = LaunchScreen.storyboard;
			sourceTree = "<group>";
		};
/* End PBXVariantGroup section */

/* Begin XCBuildConfiguration section */
		E841DBC4269DC53C0015284B /* Debug */ = {
			isa = XCBuildConfiguration;
			buildSettings = {
				ALWAYS_SEARCH_USER_PATHS = NO;
				CLANG_ANALYZER_NONNULL = YES;
				CLANG_ANALYZER_NUMBER_OBJECT_CONVERSION = YES_AGGRESSIVE;
				CLANG_CXX_LANGUAGE_STANDARD = "gnu++14";
				CLANG_CXX_LIBRARY = "libc++";
				CLANG_ENABLE_MODULES = YES;
				CLANG_ENABLE_OBJC_ARC = YES;
				CLANG_ENABLE_OBJC_WEAK = YES;
				CLANG_WARN_BLOCK_CAPTURE_AUTORELEASING = YES;
				CLANG_WARN_BOOL_CONVERSION = YES;
				CLANG_WARN_COMMA = YES;
				CLANG_WARN_CONSTANT_CONVERSION = YES;
				CLANG_WARN_DEPRECATED_OBJC_IMPLEMENTATIONS = YES;
				CLANG_WARN_DIRECT_OBJC_ISA_USAGE = YES_ERROR;
				CLANG_WARN_DOCUMENTATION_COMMENTS = YES;
				CLANG_WARN_EMPTY_BODY = YES;
				CLANG_WARN_ENUM_CONVERSION = YES;
				CLANG_WARN_INFINITE_RECURSION = YES;
				CLANG_WARN_INT_CONVERSION = YES;
				CLANG_WARN_NON_LITERAL_NULL_CONVERSION = YES;
				CLANG_WARN_OBJC_IMPLICIT_RETAIN_SELF = YES;
				CLANG_WARN_OBJC_LITERAL_CONVERSION = YES;
				CLANG_WARN_OBJC_ROOT_CLASS = YES_ERROR;
				CLANG_WARN_QUOTED_INCLUDE_IN_FRAMEWORK_HEADER = YES;
				CLANG_WARN_RANGE_LOOP_ANALYSIS = YES;
				CLANG_WARN_STRICT_PROTOTYPES = YES;
				CLANG_WARN_SUSPICIOUS_MOVE = YES;
				CLANG_WARN_UNGUARDED_AVAILABILITY = YES_AGGRESSIVE;
				CLANG_WARN_UNREACHABLE_CODE = YES;
				CLANG_WARN__DUPLICATE_METHOD_MATCH = YES;
				COPY_PHASE_STRIP = NO;
				DEBUG_INFORMATION_FORMAT = dwarf;
				ENABLE_STRICT_OBJC_MSGSEND = YES;
				ENABLE_TESTABILITY = YES;
				GCC_C_LANGUAGE_STANDARD = gnu11;
				GCC_DYNAMIC_NO_PIC = NO;
				GCC_NO_COMMON_BLOCKS = YES;
				GCC_OPTIMIZATION_LEVEL = 0;
				GCC_PREPROCESSOR_DEFINITIONS = (
					"DEBUG=1",
					"$(inherited)",
				);
				GCC_WARN_64_TO_32_BIT_CONVERSION = YES;
				GCC_WARN_ABOUT_RETURN_TYPE = YES_ERROR;
				GCC_WARN_UNDECLARED_SELECTOR = YES;
				GCC_WARN_UNINITIALIZED_AUTOS = YES_AGGRESSIVE;
				GCC_WARN_UNUSED_FUNCTION = YES;
				GCC_WARN_UNUSED_VARIABLE = YES;
				IPHONEOS_DEPLOYMENT_TARGET = 14.5;
				MTL_ENABLE_DEBUG_INFO = INCLUDE_SOURCE;
				MTL_FAST_MATH = YES;
				ONLY_ACTIVE_ARCH = YES;
				SDKROOT = iphoneos;
				SWIFT_ACTIVE_COMPILATION_CONDITIONS = DEBUG;
				SWIFT_OPTIMIZATION_LEVEL = "-Onone";
			};
			name = Debug;
		};
		E841DBC5269DC53C0015284B /* Release */ = {
			isa = XCBuildConfiguration;
			buildSettings = {
				ALWAYS_SEARCH_USER_PATHS = NO;
				CLANG_ANALYZER_NONNULL = YES;
				CLANG_ANALYZER_NUMBER_OBJECT_CONVERSION = YES_AGGRESSIVE;
				CLANG_CXX_LANGUAGE_STANDARD = "gnu++14";
				CLANG_CXX_LIBRARY = "libc++";
				CLANG_ENABLE_MODULES = YES;
				CLANG_ENABLE_OBJC_ARC = YES;
				CLANG_ENABLE_OBJC_WEAK = YES;
				CLANG_WARN_BLOCK_CAPTURE_AUTORELEASING = YES;
				CLANG_WARN_BOOL_CONVERSION = YES;
				CLANG_WARN_COMMA = YES;
				CLANG_WARN_CONSTANT_CONVERSION = YES;
				CLANG_WARN_DEPRECATED_OBJC_IMPLEMENTATIONS = YES;
				CLANG_WARN_DIRECT_OBJC_ISA_USAGE = YES_ERROR;
				CLANG_WARN_DOCUMENTATION_COMMENTS = YES;
				CLANG_WARN_EMPTY_BODY = YES;
				CLANG_WARN_ENUM_CONVERSION = YES;
				CLANG_WARN_INFINITE_RECURSION = YES;
				CLANG_WARN_INT_CONVERSION = YES;
				CLANG_WARN_NON_LITERAL_NULL_CONVERSION = YES;
				CLANG_WARN_OBJC_IMPLICIT_RETAIN_SELF = YES;
				CLANG_WARN_OBJC_LITERAL_CONVERSION = YES;
				CLANG_WARN_OBJC_ROOT_CLASS = YES_ERROR;
				CLANG_WARN_QUOTED_INCLUDE_IN_FRAMEWORK_HEADER = YES;
				CLANG_WARN_RANGE_LOOP_ANALYSIS = YES;
				CLANG_WARN_STRICT_PROTOTYPES = YES;
				CLANG_WARN_SUSPICIOUS_MOVE = YES;
				CLANG_WARN_UNGUARDED_AVAILABILITY = YES_AGGRESSIVE;
				CLANG_WARN_UNREACHABLE_CODE = YES;
				CLANG_WARN__DUPLICATE_METHOD_MATCH = YES;
				COPY_PHASE_STRIP = NO;
				DEBUG_INFORMATION_FORMAT = "dwarf-with-dsym";
				ENABLE_NS_ASSERTIONS = NO;
				ENABLE_STRICT_OBJC_MSGSEND = YES;
				GCC_C_LANGUAGE_STANDARD = gnu11;
				GCC_NO_COMMON_BLOCKS = YES;
				GCC_WARN_64_TO_32_BIT_CONVERSION = YES;
				GCC_WARN_ABOUT_RETURN_TYPE = YES_ERROR;
				GCC_WARN_UNDECLARED_SELECTOR = YES;
				GCC_WARN_UNINITIALIZED_AUTOS = YES_AGGRESSIVE;
				GCC_WARN_UNUSED_FUNCTION = YES;
				GCC_WARN_UNUSED_VARIABLE = YES;
				IPHONEOS_DEPLOYMENT_TARGET = 14.5;
				MTL_ENABLE_DEBUG_INFO = NO;
				MTL_FAST_MATH = YES;
				SDKROOT = iphoneos;
				SWIFT_COMPILATION_MODE = wholemodule;
				SWIFT_OPTIMIZATION_LEVEL = "-O";
				VALIDATE_PRODUCT = YES;
			};
			name = Release;
		};
		E841DBC7269DC53C0015284B /* Debug */ = {
			isa = XCBuildConfiguration;
			buildSettings = {
				ASSETCATALOG_COMPILER_APPICON_NAME = AppIcon;
				ASSETCATALOG_COMPILER_GLOBAL_ACCENT_COLOR_NAME = AccentColor;
				CODE_SIGN_STYLE = Automatic;
				INFOPLIST_FILE = Networking/Info.plist;
				LD_RUNPATH_SEARCH_PATHS = (
					"$(inherited)",
					"@executable_path/Frameworks",
				);
				PRODUCT_BUNDLE_IDENTIFIER = com.jiin.Networking;
				PRODUCT_NAME = "$(TARGET_NAME)";
				SWIFT_VERSION = 5.0;
				TARGETED_DEVICE_FAMILY = "1,2";
			};
			name = Debug;
		};
		E841DBC8269DC53C0015284B /* Release */ = {
			isa = XCBuildConfiguration;
			buildSettings = {
				ASSETCATALOG_COMPILER_APPICON_NAME = AppIcon;
				ASSETCATALOG_COMPILER_GLOBAL_ACCENT_COLOR_NAME = AccentColor;
				CODE_SIGN_STYLE = Automatic;
				INFOPLIST_FILE = Networking/Info.plist;
				LD_RUNPATH_SEARCH_PATHS = (
					"$(inherited)",
					"@executable_path/Frameworks",
				);
				PRODUCT_BUNDLE_IDENTIFIER = com.jiin.Networking;
				PRODUCT_NAME = "$(TARGET_NAME)";
				SWIFT_VERSION = 5.0;
				TARGETED_DEVICE_FAMILY = "1,2";
			};
			name = Release;
		};
		E841DBCA269DC53C0015284B /* Debug */ = {
			isa = XCBuildConfiguration;
			buildSettings = {
				ALWAYS_EMBED_SWIFT_STANDARD_LIBRARIES = YES;
				BUNDLE_LOADER = "$(TEST_HOST)";
				CODE_SIGN_STYLE = Automatic;
				INFOPLIST_FILE = NetworkingTests/Info.plist;
				IPHONEOS_DEPLOYMENT_TARGET = 14.5;
				LD_RUNPATH_SEARCH_PATHS = (
					"$(inherited)",
					"@executable_path/Frameworks",
					"@loader_path/Frameworks",
				);
				PRODUCT_BUNDLE_IDENTIFIER = com.jiin.NetworkingTests;
				PRODUCT_NAME = "$(TARGET_NAME)";
				SWIFT_VERSION = 5.0;
				TARGETED_DEVICE_FAMILY = "1,2";
				TEST_HOST = "$(BUILT_PRODUCTS_DIR)/Networking.app/Networking";
			};
			name = Debug;
		};
		E841DBCB269DC53C0015284B /* Release */ = {
			isa = XCBuildConfiguration;
			buildSettings = {
				ALWAYS_EMBED_SWIFT_STANDARD_LIBRARIES = YES;
				BUNDLE_LOADER = "$(TEST_HOST)";
				CODE_SIGN_STYLE = Automatic;
				INFOPLIST_FILE = NetworkingTests/Info.plist;
				IPHONEOS_DEPLOYMENT_TARGET = 14.5;
				LD_RUNPATH_SEARCH_PATHS = (
					"$(inherited)",
					"@executable_path/Frameworks",
					"@loader_path/Frameworks",
				);
				PRODUCT_BUNDLE_IDENTIFIER = com.jiin.NetworkingTests;
				PRODUCT_NAME = "$(TARGET_NAME)";
				SWIFT_VERSION = 5.0;
				TARGETED_DEVICE_FAMILY = "1,2";
				TEST_HOST = "$(BUILT_PRODUCTS_DIR)/Networking.app/Networking";
			};
			name = Release;
		};
		E841DBCD269DC53C0015284B /* Debug */ = {
			isa = XCBuildConfiguration;
			buildSettings = {
				ALWAYS_EMBED_SWIFT_STANDARD_LIBRARIES = YES;
				CODE_SIGN_STYLE = Automatic;
				INFOPLIST_FILE = NetworkingUITests/Info.plist;
				LD_RUNPATH_SEARCH_PATHS = (
					"$(inherited)",
					"@executable_path/Frameworks",
					"@loader_path/Frameworks",
				);
				PRODUCT_BUNDLE_IDENTIFIER = com.jiin.NetworkingUITests;
				PRODUCT_NAME = "$(TARGET_NAME)";
				SWIFT_VERSION = 5.0;
				TARGETED_DEVICE_FAMILY = "1,2";
				TEST_TARGET_NAME = Networking;
			};
			name = Debug;
		};
		E841DBCE269DC53C0015284B /* Release */ = {
			isa = XCBuildConfiguration;
			buildSettings = {
				ALWAYS_EMBED_SWIFT_STANDARD_LIBRARIES = YES;
				CODE_SIGN_STYLE = Automatic;
				INFOPLIST_FILE = NetworkingUITests/Info.plist;
				LD_RUNPATH_SEARCH_PATHS = (
					"$(inherited)",
					"@executable_path/Frameworks",
					"@loader_path/Frameworks",
				);
				PRODUCT_BUNDLE_IDENTIFIER = com.jiin.NetworkingUITests;
				PRODUCT_NAME = "$(TARGET_NAME)";
				SWIFT_VERSION = 5.0;
				TARGETED_DEVICE_FAMILY = "1,2";
				TEST_TARGET_NAME = Networking;
			};
			name = Release;
		};
/* End XCBuildConfiguration section */

/* Begin XCConfigurationList section */
		E841DB97269DC53A0015284B /* Build configuration list for PBXProject "Networking" */ = {
			isa = XCConfigurationList;
			buildConfigurations = (
				E841DBC4269DC53C0015284B /* Debug */,
				E841DBC5269DC53C0015284B /* Release */,
			);
			defaultConfigurationIsVisible = 0;
			defaultConfigurationName = Release;
		};
		E841DBC6269DC53C0015284B /* Build configuration list for PBXNativeTarget "Networking" */ = {
			isa = XCConfigurationList;
			buildConfigurations = (
				E841DBC7269DC53C0015284B /* Debug */,
				E841DBC8269DC53C0015284B /* Release */,
			);
			defaultConfigurationIsVisible = 0;
			defaultConfigurationName = Release;
		};
		E841DBC9269DC53C0015284B /* Build configuration list for PBXNativeTarget "NetworkingTests" */ = {
			isa = XCConfigurationList;
			buildConfigurations = (
				E841DBCA269DC53C0015284B /* Debug */,
				E841DBCB269DC53C0015284B /* Release */,
			);
			defaultConfigurationIsVisible = 0;
			defaultConfigurationName = Release;
		};
		E841DBCC269DC53C0015284B /* Build configuration list for PBXNativeTarget "NetworkingUITests" */ = {
			isa = XCConfigurationList;
			buildConfigurations = (
				E841DBCD269DC53C0015284B /* Debug */,
				E841DBCE269DC53C0015284B /* Release */,
			);
			defaultConfigurationIsVisible = 0;
			defaultConfigurationName = Release;
		};
/* End XCConfigurationList section */
	};
	rootObject = E841DB94269DC53A0015284B /* Project object */;
}
