// !$*UTF8*$!
{
	archiveVersion = 1;
	classes = {
	};
	objectVersion = 50;
	objects = {

/* Begin PBXBuildFile section */
		E898F09726C0AA9000DC9D12 /* AppDelegate.swift in Sources */ = {isa = PBXBuildFile; fileRef = E898F09626C0AA9000DC9D12 /* AppDelegate.swift */; };
		E898F09926C0AA9000DC9D12 /* SceneDelegate.swift in Sources */ = {isa = PBXBuildFile; fileRef = E898F09826C0AA9000DC9D12 /* SceneDelegate.swift */; };
		E898F09B26C0AA9000DC9D12 /* ViewController.swift in Sources */ = {isa = PBXBuildFile; fileRef = E898F09A26C0AA9000DC9D12 /* ViewController.swift */; };
		E898F09E26C0AA9000DC9D12 /* Main.storyboard in Resources */ = {isa = PBXBuildFile; fileRef = E898F09C26C0AA9000DC9D12 /* Main.storyboard */; };
		E898F0A026C0AA9100DC9D12 /* Assets.xcassets in Resources */ = {isa = PBXBuildFile; fileRef = E898F09F26C0AA9100DC9D12 /* Assets.xcassets */; };
		E898F0A326C0AA9100DC9D12 /* LaunchScreen.storyboard in Resources */ = {isa = PBXBuildFile; fileRef = E898F0A126C0AA9100DC9D12 /* LaunchScreen.storyboard */; };
		E898F0AE26C0AA9100DC9D12 /* MyMovieChartTests.swift in Sources */ = {isa = PBXBuildFile; fileRef = E898F0AD26C0AA9100DC9D12 /* MyMovieChartTests.swift */; };
		E898F0B926C0AA9100DC9D12 /* MyMovieChartUITests.swift in Sources */ = {isa = PBXBuildFile; fileRef = E898F0B826C0AA9100DC9D12 /* MyMovieChartUITests.swift */; };
		E898F0C726CBD2BF00DC9D12 /* ListViewController.swift in Sources */ = {isa = PBXBuildFile; fileRef = E898F0C626CBD2BF00DC9D12 /* ListViewController.swift */; };
		E8D1671B26D51D8100A5A77D /* MovieVO.swift in Sources */ = {isa = PBXBuildFile; fileRef = E8D1671A26D51D8100A5A77D /* MovieVO.swift */; };
/* End PBXBuildFile section */

/* Begin PBXContainerItemProxy section */
		E898F0AA26C0AA9100DC9D12 /* PBXContainerItemProxy */ = {
			isa = PBXContainerItemProxy;
			containerPortal = E898F08B26C0AA9000DC9D12 /* Project object */;
			proxyType = 1;
			remoteGlobalIDString = E898F09226C0AA9000DC9D12;
			remoteInfo = MyMovieChart;
		};
		E898F0B526C0AA9100DC9D12 /* PBXContainerItemProxy */ = {
			isa = PBXContainerItemProxy;
			containerPortal = E898F08B26C0AA9000DC9D12 /* Project object */;
			proxyType = 1;
			remoteGlobalIDString = E898F09226C0AA9000DC9D12;
			remoteInfo = MyMovieChart;
		};
/* End PBXContainerItemProxy section */

/* Begin PBXFileReference section */
		E898F09326C0AA9000DC9D12 /* MyMovieChart.app */ = {isa = PBXFileReference; explicitFileType = wrapper.application; includeInIndex = 0; path = MyMovieChart.app; sourceTree = BUILT_PRODUCTS_DIR; };
		E898F09626C0AA9000DC9D12 /* AppDelegate.swift */ = {isa = PBXFileReference; lastKnownFileType = sourcecode.swift; path = AppDelegate.swift; sourceTree = "<group>"; };
		E898F09826C0AA9000DC9D12 /* SceneDelegate.swift */ = {isa = PBXFileReference; lastKnownFileType = sourcecode.swift; path = SceneDelegate.swift; sourceTree = "<group>"; };
		E898F09A26C0AA9000DC9D12 /* ViewController.swift */ = {isa = PBXFileReference; lastKnownFileType = sourcecode.swift; path = ViewController.swift; sourceTree = "<group>"; };
		E898F09D26C0AA9000DC9D12 /* Base */ = {isa = PBXFileReference; lastKnownFileType = file.storyboard; name = Base; path = Base.lproj/Main.storyboard; sourceTree = "<group>"; };
		E898F09F26C0AA9100DC9D12 /* Assets.xcassets */ = {isa = PBXFileReference; lastKnownFileType = folder.assetcatalog; path = Assets.xcassets; sourceTree = "<group>"; };
		E898F0A226C0AA9100DC9D12 /* Base */ = {isa = PBXFileReference; lastKnownFileType = file.storyboard; name = Base; path = Base.lproj/LaunchScreen.storyboard; sourceTree = "<group>"; };
		E898F0A426C0AA9100DC9D12 /* Info.plist */ = {isa = PBXFileReference; lastKnownFileType = text.plist.xml; path = Info.plist; sourceTree = "<group>"; };
		E898F0A926C0AA9100DC9D12 /* MyMovieChartTests.xctest */ = {isa = PBXFileReference; explicitFileType = wrapper.cfbundle; includeInIndex = 0; path = MyMovieChartTests.xctest; sourceTree = BUILT_PRODUCTS_DIR; };
		E898F0AD26C0AA9100DC9D12 /* MyMovieChartTests.swift */ = {isa = PBXFileReference; lastKnownFileType = sourcecode.swift; path = MyMovieChartTests.swift; sourceTree = "<group>"; };
		E898F0AF26C0AA9100DC9D12 /* Info.plist */ = {isa = PBXFileReference; lastKnownFileType = text.plist.xml; path = Info.plist; sourceTree = "<group>"; };
		E898F0B426C0AA9100DC9D12 /* MyMovieChartUITests.xctest */ = {isa = PBXFileReference; explicitFileType = wrapper.cfbundle; includeInIndex = 0; path = MyMovieChartUITests.xctest; sourceTree = BUILT_PRODUCTS_DIR; };
		E898F0B826C0AA9100DC9D12 /* MyMovieChartUITests.swift */ = {isa = PBXFileReference; lastKnownFileType = sourcecode.swift; path = MyMovieChartUITests.swift; sourceTree = "<group>"; };
		E898F0BA26C0AA9100DC9D12 /* Info.plist */ = {isa = PBXFileReference; lastKnownFileType = text.plist.xml; path = Info.plist; sourceTree = "<group>"; };
		E898F0C626CBD2BF00DC9D12 /* ListViewController.swift */ = {isa = PBXFileReference; lastKnownFileType = sourcecode.swift; path = ListViewController.swift; sourceTree = "<group>"; };
		E8D1671A26D51D8100A5A77D /* MovieVO.swift */ = {isa = PBXFileReference; lastKnownFileType = sourcecode.swift; path = MovieVO.swift; sourceTree = "<group>"; };
/* End PBXFileReference section */

/* Begin PBXFrameworksBuildPhase section */
		E898F09026C0AA9000DC9D12 /* Frameworks */ = {
			isa = PBXFrameworksBuildPhase;
			buildActionMask = 2147483647;
			files = (
			);
			runOnlyForDeploymentPostprocessing = 0;
		};
		E898F0A626C0AA9100DC9D12 /* Frameworks */ = {
			isa = PBXFrameworksBuildPhase;
			buildActionMask = 2147483647;
			files = (
			);
			runOnlyForDeploymentPostprocessing = 0;
		};
		E898F0B126C0AA9100DC9D12 /* Frameworks */ = {
			isa = PBXFrameworksBuildPhase;
			buildActionMask = 2147483647;
			files = (
			);
			runOnlyForDeploymentPostprocessing = 0;
		};
/* End PBXFrameworksBuildPhase section */

/* Begin PBXGroup section */
		E898F08A26C0AA9000DC9D12 = {
			isa = PBXGroup;
			children = (
				E898F09526C0AA9000DC9D12 /* MyMovieChart */,
				E898F0AC26C0AA9100DC9D12 /* MyMovieChartTests */,
				E898F0B726C0AA9100DC9D12 /* MyMovieChartUITests */,
				E898F09426C0AA9000DC9D12 /* Products */,
			);
			sourceTree = "<group>";
		};
		E898F09426C0AA9000DC9D12 /* Products */ = {
			isa = PBXGroup;
			children = (
				E898F09326C0AA9000DC9D12 /* MyMovieChart.app */,
				E898F0A926C0AA9100DC9D12 /* MyMovieChartTests.xctest */,
				E898F0B426C0AA9100DC9D12 /* MyMovieChartUITests.xctest */,
			);
			name = Products;
			sourceTree = "<group>";
		};
		E898F09526C0AA9000DC9D12 /* MyMovieChart */ = {
			isa = PBXGroup;
			children = (
				E898F09626C0AA9000DC9D12 /* AppDelegate.swift */,
				E898F09826C0AA9000DC9D12 /* SceneDelegate.swift */,
				E898F09A26C0AA9000DC9D12 /* ViewController.swift */,
				E898F09C26C0AA9000DC9D12 /* Main.storyboard */,
				E8D1671A26D51D8100A5A77D /* MovieVO.swift */,
				E898F0C626CBD2BF00DC9D12 /* ListViewController.swift */,
				E898F09F26C0AA9100DC9D12 /* Assets.xcassets */,
				E898F0A126C0AA9100DC9D12 /* LaunchScreen.storyboard */,
				E898F0A426C0AA9100DC9D12 /* Info.plist */,
			);
			path = MyMovieChart;
			sourceTree = "<group>";
		};
		E898F0AC26C0AA9100DC9D12 /* MyMovieChartTests */ = {
			isa = PBXGroup;
			children = (
				E898F0AD26C0AA9100DC9D12 /* MyMovieChartTests.swift */,
				E898F0AF26C0AA9100DC9D12 /* Info.plist */,
			);
			path = MyMovieChartTests;
			sourceTree = "<group>";
		};
		E898F0B726C0AA9100DC9D12 /* MyMovieChartUITests */ = {
			isa = PBXGroup;
			children = (
				E898F0B826C0AA9100DC9D12 /* MyMovieChartUITests.swift */,
				E898F0BA26C0AA9100DC9D12 /* Info.plist */,
			);
			path = MyMovieChartUITests;
			sourceTree = "<group>";
		};
/* End PBXGroup section */

/* Begin PBXNativeTarget section */
		E898F09226C0AA9000DC9D12 /* MyMovieChart */ = {
			isa = PBXNativeTarget;
			buildConfigurationList = E898F0BD26C0AA9100DC9D12 /* Build configuration list for PBXNativeTarget "MyMovieChart" */;
			buildPhases = (
				E898F08F26C0AA9000DC9D12 /* Sources */,
				E898F09026C0AA9000DC9D12 /* Frameworks */,
				E898F09126C0AA9000DC9D12 /* Resources */,
			);
			buildRules = (
			);
			dependencies = (
			);
			name = MyMovieChart;
			productName = MyMovieChart;
			productReference = E898F09326C0AA9000DC9D12 /* MyMovieChart.app */;
			productType = "com.apple.product-type.application";
		};
		E898F0A826C0AA9100DC9D12 /* MyMovieChartTests */ = {
			isa = PBXNativeTarget;
			buildConfigurationList = E898F0C026C0AA9100DC9D12 /* Build configuration list for PBXNativeTarget "MyMovieChartTests" */;
			buildPhases = (
				E898F0A526C0AA9100DC9D12 /* Sources */,
				E898F0A626C0AA9100DC9D12 /* Frameworks */,
				E898F0A726C0AA9100DC9D12 /* Resources */,
			);
			buildRules = (
			);
			dependencies = (
				E898F0AB26C0AA9100DC9D12 /* PBXTargetDependency */,
			);
			name = MyMovieChartTests;
			productName = MyMovieChartTests;
			productReference = E898F0A926C0AA9100DC9D12 /* MyMovieChartTests.xctest */;
			productType = "com.apple.product-type.bundle.unit-test";
		};
		E898F0B326C0AA9100DC9D12 /* MyMovieChartUITests */ = {
			isa = PBXNativeTarget;
			buildConfigurationList = E898F0C326C0AA9100DC9D12 /* Build configuration list for PBXNativeTarget "MyMovieChartUITests" */;
			buildPhases = (
				E898F0B026C0AA9100DC9D12 /* Sources */,
				E898F0B126C0AA9100DC9D12 /* Frameworks */,
				E898F0B226C0AA9100DC9D12 /* Resources */,
			);
			buildRules = (
			);
			dependencies = (
				E898F0B626C0AA9100DC9D12 /* PBXTargetDependency */,
			);
			name = MyMovieChartUITests;
			productName = MyMovieChartUITests;
			productReference = E898F0B426C0AA9100DC9D12 /* MyMovieChartUITests.xctest */;
			productType = "com.apple.product-type.bundle.ui-testing";
		};
/* End PBXNativeTarget section */

/* Begin PBXProject section */
		E898F08B26C0AA9000DC9D12 /* Project object */ = {
			isa = PBXProject;
			attributes = {
				LastSwiftUpdateCheck = 1250;
				LastUpgradeCheck = 1250;
				TargetAttributes = {
					E898F09226C0AA9000DC9D12 = {
						CreatedOnToolsVersion = 12.5.1;
					};
					E898F0A826C0AA9100DC9D12 = {
						CreatedOnToolsVersion = 12.5.1;
						TestTargetID = E898F09226C0AA9000DC9D12;
					};
					E898F0B326C0AA9100DC9D12 = {
						CreatedOnToolsVersion = 12.5.1;
						TestTargetID = E898F09226C0AA9000DC9D12;
					};
				};
			};
			buildConfigurationList = E898F08E26C0AA9000DC9D12 /* Build configuration list for PBXProject "MyMovieChart" */;
			compatibilityVersion = "Xcode 9.3";
			developmentRegion = en;
			hasScannedForEncodings = 0;
			knownRegions = (
				en,
				Base,
			);
			mainGroup = E898F08A26C0AA9000DC9D12;
			productRefGroup = E898F09426C0AA9000DC9D12 /* Products */;
			projectDirPath = "";
			projectRoot = "";
			targets = (
				E898F09226C0AA9000DC9D12 /* MyMovieChart */,
				E898F0A826C0AA9100DC9D12 /* MyMovieChartTests */,
				E898F0B326C0AA9100DC9D12 /* MyMovieChartUITests */,
			);
		};
/* End PBXProject section */

/* Begin PBXResourcesBuildPhase section */
		E898F09126C0AA9000DC9D12 /* Resources */ = {
			isa = PBXResourcesBuildPhase;
			buildActionMask = 2147483647;
			files = (
				E898F0A326C0AA9100DC9D12 /* LaunchScreen.storyboard in Resources */,
				E898F0A026C0AA9100DC9D12 /* Assets.xcassets in Resources */,
				E898F09E26C0AA9000DC9D12 /* Main.storyboard in Resources */,
			);
			runOnlyForDeploymentPostprocessing = 0;
		};
		E898F0A726C0AA9100DC9D12 /* Resources */ = {
			isa = PBXResourcesBuildPhase;
			buildActionMask = 2147483647;
			files = (
			);
			runOnlyForDeploymentPostprocessing = 0;
		};
		E898F0B226C0AA9100DC9D12 /* Resources */ = {
			isa = PBXResourcesBuildPhase;
			buildActionMask = 2147483647;
			files = (
			);
			runOnlyForDeploymentPostprocessing = 0;
		};
/* End PBXResourcesBuildPhase section */

/* Begin PBXSourcesBuildPhase section */
		E898F08F26C0AA9000DC9D12 /* Sources */ = {
			isa = PBXSourcesBuildPhase;
			buildActionMask = 2147483647;
			files = (
				E898F09B26C0AA9000DC9D12 /* ViewController.swift in Sources */,
				E898F09726C0AA9000DC9D12 /* AppDelegate.swift in Sources */,
				E898F0C726CBD2BF00DC9D12 /* ListViewController.swift in Sources */,
				E898F09926C0AA9000DC9D12 /* SceneDelegate.swift in Sources */,
				E8D1671B26D51D8100A5A77D /* MovieVO.swift in Sources */,
			);
			runOnlyForDeploymentPostprocessing = 0;
		};
		E898F0A526C0AA9100DC9D12 /* Sources */ = {
			isa = PBXSourcesBuildPhase;
			buildActionMask = 2147483647;
			files = (
				E898F0AE26C0AA9100DC9D12 /* MyMovieChartTests.swift in Sources */,
			);
			runOnlyForDeploymentPostprocessing = 0;
		};
		E898F0B026C0AA9100DC9D12 /* Sources */ = {
			isa = PBXSourcesBuildPhase;
			buildActionMask = 2147483647;
			files = (
				E898F0B926C0AA9100DC9D12 /* MyMovieChartUITests.swift in Sources */,
			);
			runOnlyForDeploymentPostprocessing = 0;
		};
/* End PBXSourcesBuildPhase section */

/* Begin PBXTargetDependency section */
		E898F0AB26C0AA9100DC9D12 /* PBXTargetDependency */ = {
			isa = PBXTargetDependency;
			target = E898F09226C0AA9000DC9D12 /* MyMovieChart */;
			targetProxy = E898F0AA26C0AA9100DC9D12 /* PBXContainerItemProxy */;
		};
		E898F0B626C0AA9100DC9D12 /* PBXTargetDependency */ = {
			isa = PBXTargetDependency;
			target = E898F09226C0AA9000DC9D12 /* MyMovieChart */;
			targetProxy = E898F0B526C0AA9100DC9D12 /* PBXContainerItemProxy */;
		};
/* End PBXTargetDependency section */

/* Begin PBXVariantGroup section */
		E898F09C26C0AA9000DC9D12 /* Main.storyboard */ = {
			isa = PBXVariantGroup;
			children = (
				E898F09D26C0AA9000DC9D12 /* Base */,
			);
			name = Main.storyboard;
			sourceTree = "<group>";
		};
		E898F0A126C0AA9100DC9D12 /* LaunchScreen.storyboard */ = {
			isa = PBXVariantGroup;
			children = (
				E898F0A226C0AA9100DC9D12 /* Base */,
			);
			name = LaunchScreen.storyboard;
			sourceTree = "<group>";
		};
/* End PBXVariantGroup section */

/* Begin XCBuildConfiguration section */
		E898F0BB26C0AA9100DC9D12 /* Debug */ = {
			isa = XCBuildConfiguration;
			buildSettings = {
				ALWAYS_SEARCH_USER_PATHS = NO;
				CLANG_ANALYZER_NONNULL = YES;
				CLANG_ANALYZER_NUMBER_OBJECT_CONVERSION = YES_AGGRESSIVE;
				CLANG_CXX_LANGUAGE_STANDARD = "gnu++14";
				CLANG_CXX_LIBRARY = "libc++";
				CLANG_ENABLE_MODULES = YES;
				CLANG_ENABLE_OBJC_ARC = YES;
				CLANG_ENABLE_OBJC_WEAK = YES;
				CLANG_WARN_BLOCK_CAPTURE_AUTORELEASING = YES;
				CLANG_WARN_BOOL_CONVERSION = YES;
				CLANG_WARN_COMMA = YES;
				CLANG_WARN_CONSTANT_CONVERSION = YES;
				CLANG_WARN_DEPRECATED_OBJC_IMPLEMENTATIONS = YES;
				CLANG_WARN_DIRECT_OBJC_ISA_USAGE = YES_ERROR;
				CLANG_WARN_DOCUMENTATION_COMMENTS = YES;
				CLANG_WARN_EMPTY_BODY = YES;
				CLANG_WARN_ENUM_CONVERSION = YES;
				CLANG_WARN_INFINITE_RECURSION = YES;
				CLANG_WARN_INT_CONVERSION = YES;
				CLANG_WARN_NON_LITERAL_NULL_CONVERSION = YES;
				CLANG_WARN_OBJC_IMPLICIT_RETAIN_SELF = YES;
				CLANG_WARN_OBJC_LITERAL_CONVERSION = YES;
				CLANG_WARN_OBJC_ROOT_CLASS = YES_ERROR;
				CLANG_WARN_QUOTED_INCLUDE_IN_FRAMEWORK_HEADER = YES;
				CLANG_WARN_RANGE_LOOP_ANALYSIS = YES;
				CLANG_WARN_STRICT_PROTOTYPES = YES;
				CLANG_WARN_SUSPICIOUS_MOVE = YES;
				CLANG_WARN_UNGUARDED_AVAILABILITY = YES_AGGRESSIVE;
				CLANG_WARN_UNREACHABLE_CODE = YES;
				CLANG_WARN__DUPLICATE_METHOD_MATCH = YES;
				COPY_PHASE_STRIP = NO;
				DEBUG_INFORMATION_FORMAT = dwarf;
				ENABLE_STRICT_OBJC_MSGSEND = YES;
				ENABLE_TESTABILITY = YES;
				GCC_C_LANGUAGE_STANDARD = gnu11;
				GCC_DYNAMIC_NO_PIC = NO;
				GCC_NO_COMMON_BLOCKS = YES;
				GCC_OPTIMIZATION_LEVEL = 0;
				GCC_PREPROCESSOR_DEFINITIONS = (
					"DEBUG=1",
					"$(inherited)",
				);
				GCC_WARN_64_TO_32_BIT_CONVERSION = YES;
				GCC_WARN_ABOUT_RETURN_TYPE = YES_ERROR;
				GCC_WARN_UNDECLARED_SELECTOR = YES;
				GCC_WARN_UNINITIALIZED_AUTOS = YES_AGGRESSIVE;
				GCC_WARN_UNUSED_FUNCTION = YES;
				GCC_WARN_UNUSED_VARIABLE = YES;
				IPHONEOS_DEPLOYMENT_TARGET = 14.5;
				MTL_ENABLE_DEBUG_INFO = INCLUDE_SOURCE;
				MTL_FAST_MATH = YES;
				ONLY_ACTIVE_ARCH = YES;
				SDKROOT = iphoneos;
				SWIFT_ACTIVE_COMPILATION_CONDITIONS = DEBUG;
				SWIFT_OPTIMIZATION_LEVEL = "-Onone";
			};
			name = Debug;
		};
		E898F0BC26C0AA9100DC9D12 /* Release */ = {
			isa = XCBuildConfiguration;
			buildSettings = {
				ALWAYS_SEARCH_USER_PATHS = NO;
				CLANG_ANALYZER_NONNULL = YES;
				CLANG_ANALYZER_NUMBER_OBJECT_CONVERSION = YES_AGGRESSIVE;
				CLANG_CXX_LANGUAGE_STANDARD = "gnu++14";
				CLANG_CXX_LIBRARY = "libc++";
				CLANG_ENABLE_MODULES = YES;
				CLANG_ENABLE_OBJC_ARC = YES;
				CLANG_ENABLE_OBJC_WEAK = YES;
				CLANG_WARN_BLOCK_CAPTURE_AUTORELEASING = YES;
				CLANG_WARN_BOOL_CONVERSION = YES;
				CLANG_WARN_COMMA = YES;
				CLANG_WARN_CONSTANT_CONVERSION = YES;
				CLANG_WARN_DEPRECATED_OBJC_IMPLEMENTATIONS = YES;
				CLANG_WARN_DIRECT_OBJC_ISA_USAGE = YES_ERROR;
				CLANG_WARN_DOCUMENTATION_COMMENTS = YES;
				CLANG_WARN_EMPTY_BODY = YES;
				CLANG_WARN_ENUM_CONVERSION = YES;
				CLANG_WARN_INFINITE_RECURSION = YES;
				CLANG_WARN_INT_CONVERSION = YES;
				CLANG_WARN_NON_LITERAL_NULL_CONVERSION = YES;
				CLANG_WARN_OBJC_IMPLICIT_RETAIN_SELF = YES;
				CLANG_WARN_OBJC_LITERAL_CONVERSION = YES;
				CLANG_WARN_OBJC_ROOT_CLASS = YES_ERROR;
				CLANG_WARN_QUOTED_INCLUDE_IN_FRAMEWORK_HEADER = YES;
				CLANG_WARN_RANGE_LOOP_ANALYSIS = YES;
				CLANG_WARN_STRICT_PROTOTYPES = YES;
				CLANG_WARN_SUSPICIOUS_MOVE = YES;
				CLANG_WARN_UNGUARDED_AVAILABILITY = YES_AGGRESSIVE;
				CLANG_WARN_UNREACHABLE_CODE = YES;
				CLANG_WARN__DUPLICATE_METHOD_MATCH = YES;
				COPY_PHASE_STRIP = NO;
				DEBUG_INFORMATION_FORMAT = "dwarf-with-dsym";
				ENABLE_NS_ASSERTIONS = NO;
				ENABLE_STRICT_OBJC_MSGSEND = YES;
				GCC_C_LANGUAGE_STANDARD = gnu11;
				GCC_NO_COMMON_BLOCKS = YES;
				GCC_WARN_64_TO_32_BIT_CONVERSION = YES;
				GCC_WARN_ABOUT_RETURN_TYPE = YES_ERROR;
				GCC_WARN_UNDECLARED_SELECTOR = YES;
				GCC_WARN_UNINITIALIZED_AUTOS = YES_AGGRESSIVE;
				GCC_WARN_UNUSED_FUNCTION = YES;
				GCC_WARN_UNUSED_VARIABLE = YES;
				IPHONEOS_DEPLOYMENT_TARGET = 14.5;
				MTL_ENABLE_DEBUG_INFO = NO;
				MTL_FAST_MATH = YES;
				SDKROOT = iphoneos;
				SWIFT_COMPILATION_MODE = wholemodule;
				SWIFT_OPTIMIZATION_LEVEL = "-O";
				VALIDATE_PRODUCT = YES;
			};
			name = Release;
		};
		E898F0BE26C0AA9100DC9D12 /* Debug */ = {
			isa = XCBuildConfiguration;
			buildSettings = {
				ASSETCATALOG_COMPILER_APPICON_NAME = AppIcon;
				ASSETCATALOG_COMPILER_GLOBAL_ACCENT_COLOR_NAME = AccentColor;
				CODE_SIGN_STYLE = Automatic;
				INFOPLIST_FILE = MyMovieChart/Info.plist;
				LD_RUNPATH_SEARCH_PATHS = (
					"$(inherited)",
					"@executable_path/Frameworks",
				);
				PRODUCT_BUNDLE_IDENTIFIER = com.jiin.MyMovieChart;
				PRODUCT_NAME = "$(TARGET_NAME)";
				SWIFT_VERSION = 5.0;
				TARGETED_DEVICE_FAMILY = "1,2";
			};
			name = Debug;
		};
		E898F0BF26C0AA9100DC9D12 /* Release */ = {
			isa = XCBuildConfiguration;
			buildSettings = {
				ASSETCATALOG_COMPILER_APPICON_NAME = AppIcon;
				ASSETCATALOG_COMPILER_GLOBAL_ACCENT_COLOR_NAME = AccentColor;
				CODE_SIGN_STYLE = Automatic;
				INFOPLIST_FILE = MyMovieChart/Info.plist;
				LD_RUNPATH_SEARCH_PATHS = (
					"$(inherited)",
					"@executable_path/Frameworks",
				);
				PRODUCT_BUNDLE_IDENTIFIER = com.jiin.MyMovieChart;
				PRODUCT_NAME = "$(TARGET_NAME)";
				SWIFT_VERSION = 5.0;
				TARGETED_DEVICE_FAMILY = "1,2";
			};
			name = Release;
		};
		E898F0C126C0AA9100DC9D12 /* Debug */ = {
			isa = XCBuildConfiguration;
			buildSettings = {
				ALWAYS_EMBED_SWIFT_STANDARD_LIBRARIES = YES;
				BUNDLE_LOADER = "$(TEST_HOST)";
				CODE_SIGN_STYLE = Automatic;
				INFOPLIST_FILE = MyMovieChartTests/Info.plist;
				IPHONEOS_DEPLOYMENT_TARGET = 14.5;
				LD_RUNPATH_SEARCH_PATHS = (
					"$(inherited)",
					"@executable_path/Frameworks",
					"@loader_path/Frameworks",
				);
				PRODUCT_BUNDLE_IDENTIFIER = com.jiin.MyMovieChartTests;
				PRODUCT_NAME = "$(TARGET_NAME)";
				SWIFT_VERSION = 5.0;
				TARGETED_DEVICE_FAMILY = "1,2";
				TEST_HOST = "$(BUILT_PRODUCTS_DIR)/MyMovieChart.app/MyMovieChart";
			};
			name = Debug;
		};
		E898F0C226C0AA9100DC9D12 /* Release */ = {
			isa = XCBuildConfiguration;
			buildSettings = {
				ALWAYS_EMBED_SWIFT_STANDARD_LIBRARIES = YES;
				BUNDLE_LOADER = "$(TEST_HOST)";
				CODE_SIGN_STYLE = Automatic;
				INFOPLIST_FILE = MyMovieChartTests/Info.plist;
				IPHONEOS_DEPLOYMENT_TARGET = 14.5;
				LD_RUNPATH_SEARCH_PATHS = (
					"$(inherited)",
					"@executable_path/Frameworks",
					"@loader_path/Frameworks",
				);
				PRODUCT_BUNDLE_IDENTIFIER = com.jiin.MyMovieChartTests;
				PRODUCT_NAME = "$(TARGET_NAME)";
				SWIFT_VERSION = 5.0;
				TARGETED_DEVICE_FAMILY = "1,2";
				TEST_HOST = "$(BUILT_PRODUCTS_DIR)/MyMovieChart.app/MyMovieChart";
			};
			name = Release;
		};
		E898F0C426C0AA9100DC9D12 /* Debug */ = {
			isa = XCBuildConfiguration;
			buildSettings = {
				ALWAYS_EMBED_SWIFT_STANDARD_LIBRARIES = YES;
				CODE_SIGN_STYLE = Automatic;
				INFOPLIST_FILE = MyMovieChartUITests/Info.plist;
				LD_RUNPATH_SEARCH_PATHS = (
					"$(inherited)",
					"@executable_path/Frameworks",
					"@loader_path/Frameworks",
				);
				PRODUCT_BUNDLE_IDENTIFIER = com.jiin.MyMovieChartUITests;
				PRODUCT_NAME = "$(TARGET_NAME)";
				SWIFT_VERSION = 5.0;
				TARGETED_DEVICE_FAMILY = "1,2";
				TEST_TARGET_NAME = MyMovieChart;
			};
			name = Debug;
		};
		E898F0C526C0AA9100DC9D12 /* Release */ = {
			isa = XCBuildConfiguration;
			buildSettings = {
				ALWAYS_EMBED_SWIFT_STANDARD_LIBRARIES = YES;
				CODE_SIGN_STYLE = Automatic;
				INFOPLIST_FILE = MyMovieChartUITests/Info.plist;
				LD_RUNPATH_SEARCH_PATHS = (
					"$(inherited)",
					"@executable_path/Frameworks",
					"@loader_path/Frameworks",
				);
				PRODUCT_BUNDLE_IDENTIFIER = com.jiin.MyMovieChartUITests;
				PRODUCT_NAME = "$(TARGET_NAME)";
				SWIFT_VERSION = 5.0;
				TARGETED_DEVICE_FAMILY = "1,2";
				TEST_TARGET_NAME = MyMovieChart;
			};
			name = Release;
		};
/* End XCBuildConfiguration section */

/* Begin XCConfigurationList section */
		E898F08E26C0AA9000DC9D12 /* Build configuration list for PBXProject "MyMovieChart" */ = {
			isa = XCConfigurationList;
			buildConfigurations = (
				E898F0BB26C0AA9100DC9D12 /* Debug */,
				E898F0BC26C0AA9100DC9D12 /* Release */,
			);
			defaultConfigurationIsVisible = 0;
			defaultConfigurationName = Release;
		};
		E898F0BD26C0AA9100DC9D12 /* Build configuration list for PBXNativeTarget "MyMovieChart" */ = {
			isa = XCConfigurationList;
			buildConfigurations = (
				E898F0BE26C0AA9100DC9D12 /* Debug */,
				E898F0BF26C0AA9100DC9D12 /* Release */,
			);
			defaultConfigurationIsVisible = 0;
			defaultConfigurationName = Release;
		};
		E898F0C026C0AA9100DC9D12 /* Build configuration list for PBXNativeTarget "MyMovieChartTests" */ = {
			isa = XCConfigurationList;
			buildConfigurations = (
				E898F0C126C0AA9100DC9D12 /* Debug */,
				E898F0C226C0AA9100DC9D12 /* Release */,
			);
			defaultConfigurationIsVisible = 0;
			defaultConfigurationName = Release;
		};
		E898F0C326C0AA9100DC9D12 /* Build configuration list for PBXNativeTarget "MyMovieChartUITests" */ = {
			isa = XCConfigurationList;
			buildConfigurations = (
				E898F0C426C0AA9100DC9D12 /* Debug */,
				E898F0C526C0AA9100DC9D12 /* Release */,
			);
			defaultConfigurationIsVisible = 0;
			defaultConfigurationName = Release;
		};
/* End XCConfigurationList section */
	};
	rootObject = E898F08B26C0AA9000DC9D12 /* Project object */;
}
