// !$*UTF8*$!
{
	archiveVersion = 1;
	classes = {
	};
	objectVersion = 50;
	objects = {

/* Begin PBXBuildFile section */
		E8D1673426D7B12700A5A77D /* AppDelegate.swift in Sources */ = {isa = PBXBuildFile; fileRef = E8D1673326D7B12700A5A77D /* AppDelegate.swift */; };
		E8D1673626D7B12700A5A77D /* SceneDelegate.swift in Sources */ = {isa = PBXBuildFile; fileRef = E8D1673526D7B12700A5A77D /* SceneDelegate.swift */; };
		E8D1673826D7B12700A5A77D /* ViewController.swift in Sources */ = {isa = PBXBuildFile; fileRef = E8D1673726D7B12700A5A77D /* ViewController.swift */; };
		E8D1673B26D7B12700A5A77D /* Main.storyboard in Resources */ = {isa = PBXBuildFile; fileRef = E8D1673926D7B12700A5A77D /* Main.storyboard */; };
		E8D1673D26D7B12800A5A77D /* Assets.xcassets in Resources */ = {isa = PBXBuildFile; fileRef = E8D1673C26D7B12800A5A77D /* Assets.xcassets */; };
		E8D1674026D7B12800A5A77D /* LaunchScreen.storyboard in Resources */ = {isa = PBXBuildFile; fileRef = E8D1673E26D7B12800A5A77D /* LaunchScreen.storyboard */; };
		E8D1674B26D7B12900A5A77D /* Table_CellHeightTests.swift in Sources */ = {isa = PBXBuildFile; fileRef = E8D1674A26D7B12900A5A77D /* Table_CellHeightTests.swift */; };
		E8D1675626D7B12900A5A77D /* Table_CellHeightUITests.swift in Sources */ = {isa = PBXBuildFile; fileRef = E8D1675526D7B12900A5A77D /* Table_CellHeightUITests.swift */; };
		E8D1676426D7B2B400A5A77D /* ListViewController.swift in Sources */ = {isa = PBXBuildFile; fileRef = E8D1676326D7B2B400A5A77D /* ListViewController.swift */; };
/* End PBXBuildFile section */

/* Begin PBXContainerItemProxy section */
		E8D1674726D7B12900A5A77D /* PBXContainerItemProxy */ = {
			isa = PBXContainerItemProxy;
			containerPortal = E8D1672826D7B12700A5A77D /* Project object */;
			proxyType = 1;
			remoteGlobalIDString = E8D1672F26D7B12700A5A77D;
			remoteInfo = "Table-CellHeight";
		};
		E8D1675226D7B12900A5A77D /* PBXContainerItemProxy */ = {
			isa = PBXContainerItemProxy;
			containerPortal = E8D1672826D7B12700A5A77D /* Project object */;
			proxyType = 1;
			remoteGlobalIDString = E8D1672F26D7B12700A5A77D;
			remoteInfo = "Table-CellHeight";
		};
/* End PBXContainerItemProxy section */

/* Begin PBXFileReference section */
		E8D1673026D7B12700A5A77D /* Table-CellHeight.app */ = {isa = PBXFileReference; explicitFileType = wrapper.application; includeInIndex = 0; path = "Table-CellHeight.app"; sourceTree = BUILT_PRODUCTS_DIR; };
		E8D1673326D7B12700A5A77D /* AppDelegate.swift */ = {isa = PBXFileReference; lastKnownFileType = sourcecode.swift; path = AppDelegate.swift; sourceTree = "<group>"; };
		E8D1673526D7B12700A5A77D /* SceneDelegate.swift */ = {isa = PBXFileReference; lastKnownFileType = sourcecode.swift; path = SceneDelegate.swift; sourceTree = "<group>"; };
		E8D1673726D7B12700A5A77D /* ViewController.swift */ = {isa = PBXFileReference; lastKnownFileType = sourcecode.swift; path = ViewController.swift; sourceTree = "<group>"; };
		E8D1673A26D7B12700A5A77D /* Base */ = {isa = PBXFileReference; lastKnownFileType = file.storyboard; name = Base; path = Base.lproj/Main.storyboard; sourceTree = "<group>"; };
		E8D1673C26D7B12800A5A77D /* Assets.xcassets */ = {isa = PBXFileReference; lastKnownFileType = folder.assetcatalog; path = Assets.xcassets; sourceTree = "<group>"; };
		E8D1673F26D7B12800A5A77D /* Base */ = {isa = PBXFileReference; lastKnownFileType = file.storyboard; name = Base; path = Base.lproj/LaunchScreen.storyboard; sourceTree = "<group>"; };
		E8D1674126D7B12800A5A77D /* Info.plist */ = {isa = PBXFileReference; lastKnownFileType = text.plist.xml; path = Info.plist; sourceTree = "<group>"; };
		E8D1674626D7B12900A5A77D /* Table-CellHeightTests.xctest */ = {isa = PBXFileReference; explicitFileType = wrapper.cfbundle; includeInIndex = 0; path = "Table-CellHeightTests.xctest"; sourceTree = BUILT_PRODUCTS_DIR; };
		E8D1674A26D7B12900A5A77D /* Table_CellHeightTests.swift */ = {isa = PBXFileReference; lastKnownFileType = sourcecode.swift; path = Table_CellHeightTests.swift; sourceTree = "<group>"; };
		E8D1674C26D7B12900A5A77D /* Info.plist */ = {isa = PBXFileReference; lastKnownFileType = text.plist.xml; path = Info.plist; sourceTree = "<group>"; };
		E8D1675126D7B12900A5A77D /* Table-CellHeightUITests.xctest */ = {isa = PBXFileReference; explicitFileType = wrapper.cfbundle; includeInIndex = 0; path = "Table-CellHeightUITests.xctest"; sourceTree = BUILT_PRODUCTS_DIR; };
		E8D1675526D7B12900A5A77D /* Table_CellHeightUITests.swift */ = {isa = PBXFileReference; lastKnownFileType = sourcecode.swift; path = Table_CellHeightUITests.swift; sourceTree = "<group>"; };
		E8D1675726D7B12900A5A77D /* Info.plist */ = {isa = PBXFileReference; lastKnownFileType = text.plist.xml; path = Info.plist; sourceTree = "<group>"; };
		E8D1676326D7B2B400A5A77D /* ListViewController.swift */ = {isa = PBXFileReference; lastKnownFileType = sourcecode.swift; path = ListViewController.swift; sourceTree = "<group>"; };
/* End PBXFileReference section */

/* Begin PBXFrameworksBuildPhase section */
		E8D1672D26D7B12700A5A77D /* Frameworks */ = {
			isa = PBXFrameworksBuildPhase;
			buildActionMask = 2147483647;
			files = (
			);
			runOnlyForDeploymentPostprocessing = 0;
		};
		E8D1674326D7B12900A5A77D /* Frameworks */ = {
			isa = PBXFrameworksBuildPhase;
			buildActionMask = 2147483647;
			files = (
			);
			runOnlyForDeploymentPostprocessing = 0;
		};
		E8D1674E26D7B12900A5A77D /* Frameworks */ = {
			isa = PBXFrameworksBuildPhase;
			buildActionMask = 2147483647;
			files = (
			);
			runOnlyForDeploymentPostprocessing = 0;
		};
/* End PBXFrameworksBuildPhase section */

/* Begin PBXGroup section */
		E8D1672726D7B12700A5A77D = {
			isa = PBXGroup;
			children = (
				E8D1673226D7B12700A5A77D /* Table-CellHeight */,
				E8D1674926D7B12900A5A77D /* Table-CellHeightTests */,
				E8D1675426D7B12900A5A77D /* Table-CellHeightUITests */,
				E8D1673126D7B12700A5A77D /* Products */,
			);
			sourceTree = "<group>";
		};
		E8D1673126D7B12700A5A77D /* Products */ = {
			isa = PBXGroup;
			children = (
				E8D1673026D7B12700A5A77D /* Table-CellHeight.app */,
				E8D1674626D7B12900A5A77D /* Table-CellHeightTests.xctest */,
				E8D1675126D7B12900A5A77D /* Table-CellHeightUITests.xctest */,
			);
			name = Products;
			sourceTree = "<group>";
		};
		E8D1673226D7B12700A5A77D /* Table-CellHeight */ = {
			isa = PBXGroup;
			children = (
				E8D1673326D7B12700A5A77D /* AppDelegate.swift */,
				E8D1673526D7B12700A5A77D /* SceneDelegate.swift */,
				E8D1673726D7B12700A5A77D /* ViewController.swift */,
				E8D1673926D7B12700A5A77D /* Main.storyboard */,
				E8D1676326D7B2B400A5A77D /* ListViewController.swift */,
				E8D1673C26D7B12800A5A77D /* Assets.xcassets */,
				E8D1673E26D7B12800A5A77D /* LaunchScreen.storyboard */,
				E8D1674126D7B12800A5A77D /* Info.plist */,
			);
			path = "Table-CellHeight";
			sourceTree = "<group>";
		};
		E8D1674926D7B12900A5A77D /* Table-CellHeightTests */ = {
			isa = PBXGroup;
			children = (
				E8D1674A26D7B12900A5A77D /* Table_CellHeightTests.swift */,
				E8D1674C26D7B12900A5A77D /* Info.plist */,
			);
			path = "Table-CellHeightTests";
			sourceTree = "<group>";
		};
		E8D1675426D7B12900A5A77D /* Table-CellHeightUITests */ = {
			isa = PBXGroup;
			children = (
				E8D1675526D7B12900A5A77D /* Table_CellHeightUITests.swift */,
				E8D1675726D7B12900A5A77D /* Info.plist */,
			);
			path = "Table-CellHeightUITests";
			sourceTree = "<group>";
		};
/* End PBXGroup section */

/* Begin PBXNativeTarget section */
		E8D1672F26D7B12700A5A77D /* Table-CellHeight */ = {
			isa = PBXNativeTarget;
			buildConfigurationList = E8D1675A26D7B12900A5A77D /* Build configuration list for PBXNativeTarget "Table-CellHeight" */;
			buildPhases = (
				E8D1672C26D7B12700A5A77D /* Sources */,
				E8D1672D26D7B12700A5A77D /* Frameworks */,
				E8D1672E26D7B12700A5A77D /* Resources */,
			);
			buildRules = (
			);
			dependencies = (
			);
			name = "Table-CellHeight";
			productName = "Table-CellHeight";
			productReference = E8D1673026D7B12700A5A77D /* Table-CellHeight.app */;
			productType = "com.apple.product-type.application";
		};
		E8D1674526D7B12900A5A77D /* Table-CellHeightTests */ = {
			isa = PBXNativeTarget;
			buildConfigurationList = E8D1675D26D7B12900A5A77D /* Build configuration list for PBXNativeTarget "Table-CellHeightTests" */;
			buildPhases = (
				E8D1674226D7B12900A5A77D /* Sources */,
				E8D1674326D7B12900A5A77D /* Frameworks */,
				E8D1674426D7B12900A5A77D /* Resources */,
			);
			buildRules = (
			);
			dependencies = (
				E8D1674826D7B12900A5A77D /* PBXTargetDependency */,
			);
			name = "Table-CellHeightTests";
			productName = "Table-CellHeightTests";
			productReference = E8D1674626D7B12900A5A77D /* Table-CellHeightTests.xctest */;
			productType = "com.apple.product-type.bundle.unit-test";
		};
		E8D1675026D7B12900A5A77D /* Table-CellHeightUITests */ = {
			isa = PBXNativeTarget;
			buildConfigurationList = E8D1676026D7B12900A5A77D /* Build configuration list for PBXNativeTarget "Table-CellHeightUITests" */;
			buildPhases = (
				E8D1674D26D7B12900A5A77D /* Sources */,
				E8D1674E26D7B12900A5A77D /* Frameworks */,
				E8D1674F26D7B12900A5A77D /* Resources */,
			);
			buildRules = (
			);
			dependencies = (
				E8D1675326D7B12900A5A77D /* PBXTargetDependency */,
			);
			name = "Table-CellHeightUITests";
			productName = "Table-CellHeightUITests";
			productReference = E8D1675126D7B12900A5A77D /* Table-CellHeightUITests.xctest */;
			productType = "com.apple.product-type.bundle.ui-testing";
		};
/* End PBXNativeTarget section */

/* Begin PBXProject section */
		E8D1672826D7B12700A5A77D /* Project object */ = {
			isa = PBXProject;
			attributes = {
				LastSwiftUpdateCheck = 1250;
				LastUpgradeCheck = 1250;
				TargetAttributes = {
					E8D1672F26D7B12700A5A77D = {
						CreatedOnToolsVersion = 12.5.1;
					};
					E8D1674526D7B12900A5A77D = {
						CreatedOnToolsVersion = 12.5.1;
						TestTargetID = E8D1672F26D7B12700A5A77D;
					};
					E8D1675026D7B12900A5A77D = {
						CreatedOnToolsVersion = 12.5.1;
						TestTargetID = E8D1672F26D7B12700A5A77D;
					};
				};
			};
			buildConfigurationList = E8D1672B26D7B12700A5A77D /* Build configuration list for PBXProject "Table-CellHeight" */;
			compatibilityVersion = "Xcode 9.3";
			developmentRegion = en;
			hasScannedForEncodings = 0;
			knownRegions = (
				en,
				Base,
			);
			mainGroup = E8D1672726D7B12700A5A77D;
			productRefGroup = E8D1673126D7B12700A5A77D /* Products */;
			projectDirPath = "";
			projectRoot = "";
			targets = (
				E8D1672F26D7B12700A5A77D /* Table-CellHeight */,
				E8D1674526D7B12900A5A77D /* Table-CellHeightTests */,
				E8D1675026D7B12900A5A77D /* Table-CellHeightUITests */,
			);
		};
/* End PBXProject section */

/* Begin PBXResourcesBuildPhase section */
		E8D1672E26D7B12700A5A77D /* Resources */ = {
			isa = PBXResourcesBuildPhase;
			buildActionMask = 2147483647;
			files = (
				E8D1674026D7B12800A5A77D /* LaunchScreen.storyboard in Resources */,
				E8D1673D26D7B12800A5A77D /* Assets.xcassets in Resources */,
				E8D1673B26D7B12700A5A77D /* Main.storyboard in Resources */,
			);
			runOnlyForDeploymentPostprocessing = 0;
		};
		E8D1674426D7B12900A5A77D /* Resources */ = {
			isa = PBXResourcesBuildPhase;
			buildActionMask = 2147483647;
			files = (
			);
			runOnlyForDeploymentPostprocessing = 0;
		};
		E8D1674F26D7B12900A5A77D /* Resources */ = {
			isa = PBXResourcesBuildPhase;
			buildActionMask = 2147483647;
			files = (
			);
			runOnlyForDeploymentPostprocessing = 0;
		};
/* End PBXResourcesBuildPhase section */

/* Begin PBXSourcesBuildPhase section */
		E8D1672C26D7B12700A5A77D /* Sources */ = {
			isa = PBXSourcesBuildPhase;
			buildActionMask = 2147483647;
			files = (
				E8D1673826D7B12700A5A77D /* ViewController.swift in Sources */,
				E8D1673426D7B12700A5A77D /* AppDelegate.swift in Sources */,
				E8D1676426D7B2B400A5A77D /* ListViewController.swift in Sources */,
				E8D1673626D7B12700A5A77D /* SceneDelegate.swift in Sources */,
			);
			runOnlyForDeploymentPostprocessing = 0;
		};
		E8D1674226D7B12900A5A77D /* Sources */ = {
			isa = PBXSourcesBuildPhase;
			buildActionMask = 2147483647;
			files = (
				E8D1674B26D7B12900A5A77D /* Table_CellHeightTests.swift in Sources */,
			);
			runOnlyForDeploymentPostprocessing = 0;
		};
		E8D1674D26D7B12900A5A77D /* Sources */ = {
			isa = PBXSourcesBuildPhase;
			buildActionMask = 2147483647;
			files = (
				E8D1675626D7B12900A5A77D /* Table_CellHeightUITests.swift in Sources */,
			);
			runOnlyForDeploymentPostprocessing = 0;
		};
/* End PBXSourcesBuildPhase section */

/* Begin PBXTargetDependency section */
		E8D1674826D7B12900A5A77D /* PBXTargetDependency */ = {
			isa = PBXTargetDependency;
			target = E8D1672F26D7B12700A5A77D /* Table-CellHeight */;
			targetProxy = E8D1674726D7B12900A5A77D /* PBXContainerItemProxy */;
		};
		E8D1675326D7B12900A5A77D /* PBXTargetDependency */ = {
			isa = PBXTargetDependency;
			target = E8D1672F26D7B12700A5A77D /* Table-CellHeight */;
			targetProxy = E8D1675226D7B12900A5A77D /* PBXContainerItemProxy */;
		};
/* End PBXTargetDependency section */

/* Begin PBXVariantGroup section */
		E8D1673926D7B12700A5A77D /* Main.storyboard */ = {
			isa = PBXVariantGroup;
			children = (
				E8D1673A26D7B12700A5A77D /* Base */,
			);
			name = Main.storyboard;
			sourceTree = "<group>";
		};
		E8D1673E26D7B12800A5A77D /* LaunchScreen.storyboard */ = {
			isa = PBXVariantGroup;
			children = (
				E8D1673F26D7B12800A5A77D /* Base */,
			);
			name = LaunchScreen.storyboard;
			sourceTree = "<group>";
		};
/* End PBXVariantGroup section */

/* Begin XCBuildConfiguration section */
		E8D1675826D7B12900A5A77D /* Debug */ = {
			isa = XCBuildConfiguration;
			buildSettings = {
				ALWAYS_SEARCH_USER_PATHS = NO;
				CLANG_ANALYZER_NONNULL = YES;
				CLANG_ANALYZER_NUMBER_OBJECT_CONVERSION = YES_AGGRESSIVE;
				CLANG_CXX_LANGUAGE_STANDARD = "gnu++14";
				CLANG_CXX_LIBRARY = "libc++";
				CLANG_ENABLE_MODULES = YES;
				CLANG_ENABLE_OBJC_ARC = YES;
				CLANG_ENABLE_OBJC_WEAK = YES;
				CLANG_WARN_BLOCK_CAPTURE_AUTORELEASING = YES;
				CLANG_WARN_BOOL_CONVERSION = YES;
				CLANG_WARN_COMMA = YES;
				CLANG_WARN_CONSTANT_CONVERSION = YES;
				CLANG_WARN_DEPRECATED_OBJC_IMPLEMENTATIONS = YES;
				CLANG_WARN_DIRECT_OBJC_ISA_USAGE = YES_ERROR;
				CLANG_WARN_DOCUMENTATION_COMMENTS = YES;
				CLANG_WARN_EMPTY_BODY = YES;
				CLANG_WARN_ENUM_CONVERSION = YES;
				CLANG_WARN_INFINITE_RECURSION = YES;
				CLANG_WARN_INT_CONVERSION = YES;
				CLANG_WARN_NON_LITERAL_NULL_CONVERSION = YES;
				CLANG_WARN_OBJC_IMPLICIT_RETAIN_SELF = YES;
				CLANG_WARN_OBJC_LITERAL_CONVERSION = YES;
				CLANG_WARN_OBJC_ROOT_CLASS = YES_ERROR;
				CLANG_WARN_QUOTED_INCLUDE_IN_FRAMEWORK_HEADER = YES;
				CLANG_WARN_RANGE_LOOP_ANALYSIS = YES;
				CLANG_WARN_STRICT_PROTOTYPES = YES;
				CLANG_WARN_SUSPICIOUS_MOVE = YES;
				CLANG_WARN_UNGUARDED_AVAILABILITY = YES_AGGRESSIVE;
				CLANG_WARN_UNREACHABLE_CODE = YES;
				CLANG_WARN__DUPLICATE_METHOD_MATCH = YES;
				COPY_PHASE_STRIP = NO;
				DEBUG_INFORMATION_FORMAT = dwarf;
				ENABLE_STRICT_OBJC_MSGSEND = YES;
				ENABLE_TESTABILITY = YES;
				GCC_C_LANGUAGE_STANDARD = gnu11;
				GCC_DYNAMIC_NO_PIC = NO;
				GCC_NO_COMMON_BLOCKS = YES;
				GCC_OPTIMIZATION_LEVEL = 0;
				GCC_PREPROCESSOR_DEFINITIONS = (
					"DEBUG=1",
					"$(inherited)",
				);
				GCC_WARN_64_TO_32_BIT_CONVERSION = YES;
				GCC_WARN_ABOUT_RETURN_TYPE = YES_ERROR;
				GCC_WARN_UNDECLARED_SELECTOR = YES;
				GCC_WARN_UNINITIALIZED_AUTOS = YES_AGGRESSIVE;
				GCC_WARN_UNUSED_FUNCTION = YES;
				GCC_WARN_UNUSED_VARIABLE = YES;
				IPHONEOS_DEPLOYMENT_TARGET = 14.5;
				MTL_ENABLE_DEBUG_INFO = INCLUDE_SOURCE;
				MTL_FAST_MATH = YES;
				ONLY_ACTIVE_ARCH = YES;
				SDKROOT = iphoneos;
				SWIFT_ACTIVE_COMPILATION_CONDITIONS = DEBUG;
				SWIFT_OPTIMIZATION_LEVEL = "-Onone";
			};
			name = Debug;
		};
		E8D1675926D7B12900A5A77D /* Release */ = {
			isa = XCBuildConfiguration;
			buildSettings = {
				ALWAYS_SEARCH_USER_PATHS = NO;
				CLANG_ANALYZER_NONNULL = YES;
				CLANG_ANALYZER_NUMBER_OBJECT_CONVERSION = YES_AGGRESSIVE;
				CLANG_CXX_LANGUAGE_STANDARD = "gnu++14";
				CLANG_CXX_LIBRARY = "libc++";
				CLANG_ENABLE_MODULES = YES;
				CLANG_ENABLE_OBJC_ARC = YES;
				CLANG_ENABLE_OBJC_WEAK = YES;
				CLANG_WARN_BLOCK_CAPTURE_AUTORELEASING = YES;
				CLANG_WARN_BOOL_CONVERSION = YES;
				CLANG_WARN_COMMA = YES;
				CLANG_WARN_CONSTANT_CONVERSION = YES;
				CLANG_WARN_DEPRECATED_OBJC_IMPLEMENTATIONS = YES;
				CLANG_WARN_DIRECT_OBJC_ISA_USAGE = YES_ERROR;
				CLANG_WARN_DOCUMENTATION_COMMENTS = YES;
				CLANG_WARN_EMPTY_BODY = YES;
				CLANG_WARN_ENUM_CONVERSION = YES;
				CLANG_WARN_INFINITE_RECURSION = YES;
				CLANG_WARN_INT_CONVERSION = YES;
				CLANG_WARN_NON_LITERAL_NULL_CONVERSION = YES;
				CLANG_WARN_OBJC_IMPLICIT_RETAIN_SELF = YES;
				CLANG_WARN_OBJC_LITERAL_CONVERSION = YES;
				CLANG_WARN_OBJC_ROOT_CLASS = YES_ERROR;
				CLANG_WARN_QUOTED_INCLUDE_IN_FRAMEWORK_HEADER = YES;
				CLANG_WARN_RANGE_LOOP_ANALYSIS = YES;
				CLANG_WARN_STRICT_PROTOTYPES = YES;
				CLANG_WARN_SUSPICIOUS_MOVE = YES;
				CLANG_WARN_UNGUARDED_AVAILABILITY = YES_AGGRESSIVE;
				CLANG_WARN_UNREACHABLE_CODE = YES;
				CLANG_WARN__DUPLICATE_METHOD_MATCH = YES;
				COPY_PHASE_STRIP = NO;
				DEBUG_INFORMATION_FORMAT = "dwarf-with-dsym";
				ENABLE_NS_ASSERTIONS = NO;
				ENABLE_STRICT_OBJC_MSGSEND = YES;
				GCC_C_LANGUAGE_STANDARD = gnu11;
				GCC_NO_COMMON_BLOCKS = YES;
				GCC_WARN_64_TO_32_BIT_CONVERSION = YES;
				GCC_WARN_ABOUT_RETURN_TYPE = YES_ERROR;
				GCC_WARN_UNDECLARED_SELECTOR = YES;
				GCC_WARN_UNINITIALIZED_AUTOS = YES_AGGRESSIVE;
				GCC_WARN_UNUSED_FUNCTION = YES;
				GCC_WARN_UNUSED_VARIABLE = YES;
				IPHONEOS_DEPLOYMENT_TARGET = 14.5;
				MTL_ENABLE_DEBUG_INFO = NO;
				MTL_FAST_MATH = YES;
				SDKROOT = iphoneos;
				SWIFT_COMPILATION_MODE = wholemodule;
				SWIFT_OPTIMIZATION_LEVEL = "-O";
				VALIDATE_PRODUCT = YES;
			};
			name = Release;
		};
		E8D1675B26D7B12900A5A77D /* Debug */ = {
			isa = XCBuildConfiguration;
			buildSettings = {
				ASSETCATALOG_COMPILER_APPICON_NAME = AppIcon;
				ASSETCATALOG_COMPILER_GLOBAL_ACCENT_COLOR_NAME = AccentColor;
				CODE_SIGN_STYLE = Automatic;
				INFOPLIST_FILE = "Table-CellHeight/Info.plist";
				LD_RUNPATH_SEARCH_PATHS = (
					"$(inherited)",
					"@executable_path/Frameworks",
				);
				PRODUCT_BUNDLE_IDENTIFIER = "com.jiin.Table-CellHeight";
				PRODUCT_NAME = "$(TARGET_NAME)";
				SWIFT_VERSION = 5.0;
				TARGETED_DEVICE_FAMILY = "1,2";
			};
			name = Debug;
		};
		E8D1675C26D7B12900A5A77D /* Release */ = {
			isa = XCBuildConfiguration;
			buildSettings = {
				ASSETCATALOG_COMPILER_APPICON_NAME = AppIcon;
				ASSETCATALOG_COMPILER_GLOBAL_ACCENT_COLOR_NAME = AccentColor;
				CODE_SIGN_STYLE = Automatic;
				INFOPLIST_FILE = "Table-CellHeight/Info.plist";
				LD_RUNPATH_SEARCH_PATHS = (
					"$(inherited)",
					"@executable_path/Frameworks",
				);
				PRODUCT_BUNDLE_IDENTIFIER = "com.jiin.Table-CellHeight";
				PRODUCT_NAME = "$(TARGET_NAME)";
				SWIFT_VERSION = 5.0;
				TARGETED_DEVICE_FAMILY = "1,2";
			};
			name = Release;
		};
		E8D1675E26D7B12900A5A77D /* Debug */ = {
			isa = XCBuildConfiguration;
			buildSettings = {
				ALWAYS_EMBED_SWIFT_STANDARD_LIBRARIES = YES;
				BUNDLE_LOADER = "$(TEST_HOST)";
				CODE_SIGN_STYLE = Automatic;
				INFOPLIST_FILE = "Table-CellHeightTests/Info.plist";
				IPHONEOS_DEPLOYMENT_TARGET = 14.5;
				LD_RUNPATH_SEARCH_PATHS = (
					"$(inherited)",
					"@executable_path/Frameworks",
					"@loader_path/Frameworks",
				);
				PRODUCT_BUNDLE_IDENTIFIER = "com.jiin.Table-CellHeightTests";
				PRODUCT_NAME = "$(TARGET_NAME)";
				SWIFT_VERSION = 5.0;
				TARGETED_DEVICE_FAMILY = "1,2";
				TEST_HOST = "$(BUILT_PRODUCTS_DIR)/Table-CellHeight.app/Table-CellHeight";
			};
			name = Debug;
		};
		E8D1675F26D7B12900A5A77D /* Release */ = {
			isa = XCBuildConfiguration;
			buildSettings = {
				ALWAYS_EMBED_SWIFT_STANDARD_LIBRARIES = YES;
				BUNDLE_LOADER = "$(TEST_HOST)";
				CODE_SIGN_STYLE = Automatic;
				INFOPLIST_FILE = "Table-CellHeightTests/Info.plist";
				IPHONEOS_DEPLOYMENT_TARGET = 14.5;
				LD_RUNPATH_SEARCH_PATHS = (
					"$(inherited)",
					"@executable_path/Frameworks",
					"@loader_path/Frameworks",
				);
				PRODUCT_BUNDLE_IDENTIFIER = "com.jiin.Table-CellHeightTests";
				PRODUCT_NAME = "$(TARGET_NAME)";
				SWIFT_VERSION = 5.0;
				TARGETED_DEVICE_FAMILY = "1,2";
				TEST_HOST = "$(BUILT_PRODUCTS_DIR)/Table-CellHeight.app/Table-CellHeight";
			};
			name = Release;
		};
		E8D1676126D7B12900A5A77D /* Debug */ = {
			isa = XCBuildConfiguration;
			buildSettings = {
				ALWAYS_EMBED_SWIFT_STANDARD_LIBRARIES = YES;
				CODE_SIGN_STYLE = Automatic;
				INFOPLIST_FILE = "Table-CellHeightUITests/Info.plist";
				LD_RUNPATH_SEARCH_PATHS = (
					"$(inherited)",
					"@executable_path/Frameworks",
					"@loader_path/Frameworks",
				);
				PRODUCT_BUNDLE_IDENTIFIER = "com.jiin.Table-CellHeightUITests";
				PRODUCT_NAME = "$(TARGET_NAME)";
				SWIFT_VERSION = 5.0;
				TARGETED_DEVICE_FAMILY = "1,2";
				TEST_TARGET_NAME = "Table-CellHeight";
			};
			name = Debug;
		};
		E8D1676226D7B12900A5A77D /* Release */ = {
			isa = XCBuildConfiguration;
			buildSettings = {
				ALWAYS_EMBED_SWIFT_STANDARD_LIBRARIES = YES;
				CODE_SIGN_STYLE = Automatic;
				INFOPLIST_FILE = "Table-CellHeightUITests/Info.plist";
				LD_RUNPATH_SEARCH_PATHS = (
					"$(inherited)",
					"@executable_path/Frameworks",
					"@loader_path/Frameworks",
				);
				PRODUCT_BUNDLE_IDENTIFIER = "com.jiin.Table-CellHeightUITests";
				PRODUCT_NAME = "$(TARGET_NAME)";
				SWIFT_VERSION = 5.0;
				TARGETED_DEVICE_FAMILY = "1,2";
				TEST_TARGET_NAME = "Table-CellHeight";
			};
			name = Release;
		};
/* End XCBuildConfiguration section */

/* Begin XCConfigurationList section */
		E8D1672B26D7B12700A5A77D /* Build configuration list for PBXProject "Table-CellHeight" */ = {
			isa = XCConfigurationList;
			buildConfigurations = (
				E8D1675826D7B12900A5A77D /* Debug */,
				E8D1675926D7B12900A5A77D /* Release */,
			);
			defaultConfigurationIsVisible = 0;
			defaultConfigurationName = Release;
		};
		E8D1675A26D7B12900A5A77D /* Build configuration list for PBXNativeTarget "Table-CellHeight" */ = {
			isa = XCConfigurationList;
			buildConfigurations = (
				E8D1675B26D7B12900A5A77D /* Debug */,
				E8D1675C26D7B12900A5A77D /* Release */,
			);
			defaultConfigurationIsVisible = 0;
			defaultConfigurationName = Release;
		};
		E8D1675D26D7B12900A5A77D /* Build configuration list for PBXNativeTarget "Table-CellHeightTests" */ = {
			isa = XCConfigurationList;
			buildConfigurations = (
				E8D1675E26D7B12900A5A77D /* Debug */,
				E8D1675F26D7B12900A5A77D /* Release */,
			);
			defaultConfigurationIsVisible = 0;
			defaultConfigurationName = Release;
		};
		E8D1676026D7B12900A5A77D /* Build configuration list for PBXNativeTarget "Table-CellHeightUITests" */ = {
			isa = XCConfigurationList;
			buildConfigurations = (
				E8D1676126D7B12900A5A77D /* Debug */,
				E8D1676226D7B12900A5A77D /* Release */,
			);
			defaultConfigurationIsVisible = 0;
			defaultConfigurationName = Release;
		};
/* End XCConfigurationList section */
	};
	rootObject = E8D1672826D7B12700A5A77D /* Project object */;
}
