// !$*UTF8*$!
{
	archiveVersion = 1;
	classes = {
	};
	objectVersion = 50;
	objects = {

/* Begin PBXBuildFile section */
		E87C257C2678C46D00D759D7 /* AppDelegate.swift in Sources */ = {isa = PBXBuildFile; fileRef = E87C257B2678C46D00D759D7 /* AppDelegate.swift */; };
		E87C257E2678C46D00D759D7 /* SceneDelegate.swift in Sources */ = {isa = PBXBuildFile; fileRef = E87C257D2678C46D00D759D7 /* SceneDelegate.swift */; };
		E87C25802678C46D00D759D7 /* ViewController.swift in Sources */ = {isa = PBXBuildFile; fileRef = E87C257F2678C46D00D759D7 /* ViewController.swift */; };
		E87C25832678C46D00D759D7 /* Main.storyboard in Resources */ = {isa = PBXBuildFile; fileRef = E87C25812678C46D00D759D7 /* Main.storyboard */; };
		E87C25852678C47000D759D7 /* Assets.xcassets in Resources */ = {isa = PBXBuildFile; fileRef = E87C25842678C47000D759D7 /* Assets.xcassets */; };
		E87C25882678C47000D759D7 /* LaunchScreen.storyboard in Resources */ = {isa = PBXBuildFile; fileRef = E87C25862678C47000D759D7 /* LaunchScreen.storyboard */; };
		E87C25932678C47000D759D7 /* ImagePickerTests.swift in Sources */ = {isa = PBXBuildFile; fileRef = E87C25922678C47000D759D7 /* ImagePickerTests.swift */; };
		E87C259E2678C47000D759D7 /* ImagePickerUITests.swift in Sources */ = {isa = PBXBuildFile; fileRef = E87C259D2678C47000D759D7 /* ImagePickerUITests.swift */; };
/* End PBXBuildFile section */

/* Begin PBXContainerItemProxy section */
		E87C258F2678C47000D759D7 /* PBXContainerItemProxy */ = {
			isa = PBXContainerItemProxy;
			containerPortal = E87C25702678C46C00D759D7 /* Project object */;
			proxyType = 1;
			remoteGlobalIDString = E87C25772678C46D00D759D7;
			remoteInfo = ImagePicker;
		};
		E87C259A2678C47000D759D7 /* PBXContainerItemProxy */ = {
			isa = PBXContainerItemProxy;
			containerPortal = E87C25702678C46C00D759D7 /* Project object */;
			proxyType = 1;
			remoteGlobalIDString = E87C25772678C46D00D759D7;
			remoteInfo = ImagePicker;
		};
/* End PBXContainerItemProxy section */

/* Begin PBXFileReference section */
		E87C25782678C46D00D759D7 /* ImagePicker.app */ = {isa = PBXFileReference; explicitFileType = wrapper.application; includeInIndex = 0; path = ImagePicker.app; sourceTree = BUILT_PRODUCTS_DIR; };
		E87C257B2678C46D00D759D7 /* AppDelegate.swift */ = {isa = PBXFileReference; lastKnownFileType = sourcecode.swift; path = AppDelegate.swift; sourceTree = "<group>"; };
		E87C257D2678C46D00D759D7 /* SceneDelegate.swift */ = {isa = PBXFileReference; lastKnownFileType = sourcecode.swift; path = SceneDelegate.swift; sourceTree = "<group>"; };
		E87C257F2678C46D00D759D7 /* ViewController.swift */ = {isa = PBXFileReference; lastKnownFileType = sourcecode.swift; path = ViewController.swift; sourceTree = "<group>"; };
		E87C25822678C46D00D759D7 /* Base */ = {isa = PBXFileReference; lastKnownFileType = file.storyboard; name = Base; path = Base.lproj/Main.storyboard; sourceTree = "<group>"; };
		E87C25842678C47000D759D7 /* Assets.xcassets */ = {isa = PBXFileReference; lastKnownFileType = folder.assetcatalog; path = Assets.xcassets; sourceTree = "<group>"; };
		E87C25872678C47000D759D7 /* Base */ = {isa = PBXFileReference; lastKnownFileType = file.storyboard; name = Base; path = Base.lproj/LaunchScreen.storyboard; sourceTree = "<group>"; };
		E87C25892678C47000D759D7 /* Info.plist */ = {isa = PBXFileReference; lastKnownFileType = text.plist.xml; path = Info.plist; sourceTree = "<group>"; };
		E87C258E2678C47000D759D7 /* ImagePickerTests.xctest */ = {isa = PBXFileReference; explicitFileType = wrapper.cfbundle; includeInIndex = 0; path = ImagePickerTests.xctest; sourceTree = BUILT_PRODUCTS_DIR; };
		E87C25922678C47000D759D7 /* ImagePickerTests.swift */ = {isa = PBXFileReference; lastKnownFileType = sourcecode.swift; path = ImagePickerTests.swift; sourceTree = "<group>"; };
		E87C25942678C47000D759D7 /* Info.plist */ = {isa = PBXFileReference; lastKnownFileType = text.plist.xml; path = Info.plist; sourceTree = "<group>"; };
		E87C25992678C47000D759D7 /* ImagePickerUITests.xctest */ = {isa = PBXFileReference; explicitFileType = wrapper.cfbundle; includeInIndex = 0; path = ImagePickerUITests.xctest; sourceTree = BUILT_PRODUCTS_DIR; };
		E87C259D2678C47000D759D7 /* ImagePickerUITests.swift */ = {isa = PBXFileReference; lastKnownFileType = sourcecode.swift; path = ImagePickerUITests.swift; sourceTree = "<group>"; };
		E87C259F2678C47000D759D7 /* Info.plist */ = {isa = PBXFileReference; lastKnownFileType = text.plist.xml; path = Info.plist; sourceTree = "<group>"; };
/* End PBXFileReference section */

/* Begin PBXFrameworksBuildPhase section */
		E87C25752678C46D00D759D7 /* Frameworks */ = {
			isa = PBXFrameworksBuildPhase;
			buildActionMask = 2147483647;
			files = (
			);
			runOnlyForDeploymentPostprocessing = 0;
		};
		E87C258B2678C47000D759D7 /* Frameworks */ = {
			isa = PBXFrameworksBuildPhase;
			buildActionMask = 2147483647;
			files = (
			);
			runOnlyForDeploymentPostprocessing = 0;
		};
		E87C25962678C47000D759D7 /* Frameworks */ = {
			isa = PBXFrameworksBuildPhase;
			buildActionMask = 2147483647;
			files = (
			);
			runOnlyForDeploymentPostprocessing = 0;
		};
/* End PBXFrameworksBuildPhase section */

/* Begin PBXGroup section */
		E87C256F2678C46C00D759D7 = {
			isa = PBXGroup;
			children = (
				E87C257A2678C46D00D759D7 /* ImagePicker */,
				E87C25912678C47000D759D7 /* ImagePickerTests */,
				E87C259C2678C47000D759D7 /* ImagePickerUITests */,
				E87C25792678C46D00D759D7 /* Products */,
			);
			sourceTree = "<group>";
		};
		E87C25792678C46D00D759D7 /* Products */ = {
			isa = PBXGroup;
			children = (
				E87C25782678C46D00D759D7 /* ImagePicker.app */,
				E87C258E2678C47000D759D7 /* ImagePickerTests.xctest */,
				E87C25992678C47000D759D7 /* ImagePickerUITests.xctest */,
			);
			name = Products;
			sourceTree = "<group>";
		};
		E87C257A2678C46D00D759D7 /* ImagePicker */ = {
			isa = PBXGroup;
			children = (
				E87C257B2678C46D00D759D7 /* AppDelegate.swift */,
				E87C257D2678C46D00D759D7 /* SceneDelegate.swift */,
				E87C257F2678C46D00D759D7 /* ViewController.swift */,
				E87C25842678C47000D759D7 /* Assets.xcassets */,
				E87C25812678C46D00D759D7 /* Main.storyboard */,
				E87C25862678C47000D759D7 /* LaunchScreen.storyboard */,
				E87C25892678C47000D759D7 /* Info.plist */,
			);
			path = ImagePicker;
			sourceTree = "<group>";
		};
		E87C25912678C47000D759D7 /* ImagePickerTests */ = {
			isa = PBXGroup;
			children = (
				E87C25922678C47000D759D7 /* ImagePickerTests.swift */,
				E87C25942678C47000D759D7 /* Info.plist */,
			);
			path = ImagePickerTests;
			sourceTree = "<group>";
		};
		E87C259C2678C47000D759D7 /* ImagePickerUITests */ = {
			isa = PBXGroup;
			children = (
				E87C259D2678C47000D759D7 /* ImagePickerUITests.swift */,
				E87C259F2678C47000D759D7 /* Info.plist */,
			);
			path = ImagePickerUITests;
			sourceTree = "<group>";
		};
/* End PBXGroup section */

/* Begin PBXNativeTarget section */
		E87C25772678C46D00D759D7 /* ImagePicker */ = {
			isa = PBXNativeTarget;
			buildConfigurationList = E87C25A22678C47000D759D7 /* Build configuration list for PBXNativeTarget "ImagePicker" */;
			buildPhases = (
				E87C25742678C46D00D759D7 /* Sources */,
				E87C25752678C46D00D759D7 /* Frameworks */,
				E87C25762678C46D00D759D7 /* Resources */,
			);
			buildRules = (
			);
			dependencies = (
			);
			name = ImagePicker;
			productName = ImagePicker;
			productReference = E87C25782678C46D00D759D7 /* ImagePicker.app */;
			productType = "com.apple.product-type.application";
		};
		E87C258D2678C47000D759D7 /* ImagePickerTests */ = {
			isa = PBXNativeTarget;
			buildConfigurationList = E87C25A52678C47000D759D7 /* Build configuration list for PBXNativeTarget "ImagePickerTests" */;
			buildPhases = (
				E87C258A2678C47000D759D7 /* Sources */,
				E87C258B2678C47000D759D7 /* Frameworks */,
				E87C258C2678C47000D759D7 /* Resources */,
			);
			buildRules = (
			);
			dependencies = (
				E87C25902678C47000D759D7 /* PBXTargetDependency */,
			);
			name = ImagePickerTests;
			productName = ImagePickerTests;
			productReference = E87C258E2678C47000D759D7 /* ImagePickerTests.xctest */;
			productType = "com.apple.product-type.bundle.unit-test";
		};
		E87C25982678C47000D759D7 /* ImagePickerUITests */ = {
			isa = PBXNativeTarget;
			buildConfigurationList = E87C25A82678C47000D759D7 /* Build configuration list for PBXNativeTarget "ImagePickerUITests" */;
			buildPhases = (
				E87C25952678C47000D759D7 /* Sources */,
				E87C25962678C47000D759D7 /* Frameworks */,
				E87C25972678C47000D759D7 /* Resources */,
			);
			buildRules = (
			);
			dependencies = (
				E87C259B2678C47000D759D7 /* PBXTargetDependency */,
			);
			name = ImagePickerUITests;
			productName = ImagePickerUITests;
			productReference = E87C25992678C47000D759D7 /* ImagePickerUITests.xctest */;
			productType = "com.apple.product-type.bundle.ui-testing";
		};
/* End PBXNativeTarget section */

/* Begin PBXProject section */
		E87C25702678C46C00D759D7 /* Project object */ = {
			isa = PBXProject;
			attributes = {
				LastSwiftUpdateCheck = 1250;
				LastUpgradeCheck = 1250;
				TargetAttributes = {
					E87C25772678C46D00D759D7 = {
						CreatedOnToolsVersion = 12.5;
					};
					E87C258D2678C47000D759D7 = {
						CreatedOnToolsVersion = 12.5;
						TestTargetID = E87C25772678C46D00D759D7;
					};
					E87C25982678C47000D759D7 = {
						CreatedOnToolsVersion = 12.5;
						TestTargetID = E87C25772678C46D00D759D7;
					};
				};
			};
			buildConfigurationList = E87C25732678C46C00D759D7 /* Build configuration list for PBXProject "ImagePicker" */;
			compatibilityVersion = "Xcode 9.3";
			developmentRegion = en;
			hasScannedForEncodings = 0;
			knownRegions = (
				en,
				Base,
			);
			mainGroup = E87C256F2678C46C00D759D7;
			productRefGroup = E87C25792678C46D00D759D7 /* Products */;
			projectDirPath = "";
			projectRoot = "";
			targets = (
				E87C25772678C46D00D759D7 /* ImagePicker */,
				E87C258D2678C47000D759D7 /* ImagePickerTests */,
				E87C25982678C47000D759D7 /* ImagePickerUITests */,
			);
		};
/* End PBXProject section */

/* Begin PBXResourcesBuildPhase section */
		E87C25762678C46D00D759D7 /* Resources */ = {
			isa = PBXResourcesBuildPhase;
			buildActionMask = 2147483647;
			files = (
				E87C25882678C47000D759D7 /* LaunchScreen.storyboard in Resources */,
				E87C25852678C47000D759D7 /* Assets.xcassets in Resources */,
				E87C25832678C46D00D759D7 /* Main.storyboard in Resources */,
			);
			runOnlyForDeploymentPostprocessing = 0;
		};
		E87C258C2678C47000D759D7 /* Resources */ = {
			isa = PBXResourcesBuildPhase;
			buildActionMask = 2147483647;
			files = (
			);
			runOnlyForDeploymentPostprocessing = 0;
		};
		E87C25972678C47000D759D7 /* Resources */ = {
			isa = PBXResourcesBuildPhase;
			buildActionMask = 2147483647;
			files = (
			);
			runOnlyForDeploymentPostprocessing = 0;
		};
/* End PBXResourcesBuildPhase section */

/* Begin PBXSourcesBuildPhase section */
		E87C25742678C46D00D759D7 /* Sources */ = {
			isa = PBXSourcesBuildPhase;
			buildActionMask = 2147483647;
			files = (
				E87C25802678C46D00D759D7 /* ViewController.swift in Sources */,
				E87C257C2678C46D00D759D7 /* AppDelegate.swift in Sources */,
				E87C257E2678C46D00D759D7 /* SceneDelegate.swift in Sources */,
			);
			runOnlyForDeploymentPostprocessing = 0;
		};
		E87C258A2678C47000D759D7 /* Sources */ = {
			isa = PBXSourcesBuildPhase;
			buildActionMask = 2147483647;
			files = (
				E87C25932678C47000D759D7 /* ImagePickerTests.swift in Sources */,
			);
			runOnlyForDeploymentPostprocessing = 0;
		};
		E87C25952678C47000D759D7 /* Sources */ = {
			isa = PBXSourcesBuildPhase;
			buildActionMask = 2147483647;
			files = (
				E87C259E2678C47000D759D7 /* ImagePickerUITests.swift in Sources */,
			);
			runOnlyForDeploymentPostprocessing = 0;
		};
/* End PBXSourcesBuildPhase section */

/* Begin PBXTargetDependency section */
		E87C25902678C47000D759D7 /* PBXTargetDependency */ = {
			isa = PBXTargetDependency;
			target = E87C25772678C46D00D759D7 /* ImagePicker */;
			targetProxy = E87C258F2678C47000D759D7 /* PBXContainerItemProxy */;
		};
		E87C259B2678C47000D759D7 /* PBXTargetDependency */ = {
			isa = PBXTargetDependency;
			target = E87C25772678C46D00D759D7 /* ImagePicker */;
			targetProxy = E87C259A2678C47000D759D7 /* PBXContainerItemProxy */;
		};
/* End PBXTargetDependency section */

/* Begin PBXVariantGroup section */
		E87C25812678C46D00D759D7 /* Main.storyboard */ = {
			isa = PBXVariantGroup;
			children = (
				E87C25822678C46D00D759D7 /* Base */,
			);
			name = Main.storyboard;
			sourceTree = "<group>";
		};
		E87C25862678C47000D759D7 /* LaunchScreen.storyboard */ = {
			isa = PBXVariantGroup;
			children = (
				E87C25872678C47000D759D7 /* Base */,
			);
			name = LaunchScreen.storyboard;
			sourceTree = "<group>";
		};
/* End PBXVariantGroup section */

/* Begin XCBuildConfiguration section */
		E87C25A02678C47000D759D7 /* Debug */ = {
			isa = XCBuildConfiguration;
			buildSettings = {
				ALWAYS_SEARCH_USER_PATHS = NO;
				CLANG_ANALYZER_NONNULL = YES;
				CLANG_ANALYZER_NUMBER_OBJECT_CONVERSION = YES_AGGRESSIVE;
				CLANG_CXX_LANGUAGE_STANDARD = "gnu++14";
				CLANG_CXX_LIBRARY = "libc++";
				CLANG_ENABLE_MODULES = YES;
				CLANG_ENABLE_OBJC_ARC = YES;
				CLANG_ENABLE_OBJC_WEAK = YES;
				CLANG_WARN_BLOCK_CAPTURE_AUTORELEASING = YES;
				CLANG_WARN_BOOL_CONVERSION = YES;
				CLANG_WARN_COMMA = YES;
				CLANG_WARN_CONSTANT_CONVERSION = YES;
				CLANG_WARN_DEPRECATED_OBJC_IMPLEMENTATIONS = YES;
				CLANG_WARN_DIRECT_OBJC_ISA_USAGE = YES_ERROR;
				CLANG_WARN_DOCUMENTATION_COMMENTS = YES;
				CLANG_WARN_EMPTY_BODY = YES;
				CLANG_WARN_ENUM_CONVERSION = YES;
				CLANG_WARN_INFINITE_RECURSION = YES;
				CLANG_WARN_INT_CONVERSION = YES;
				CLANG_WARN_NON_LITERAL_NULL_CONVERSION = YES;
				CLANG_WARN_OBJC_IMPLICIT_RETAIN_SELF = YES;
				CLANG_WARN_OBJC_LITERAL_CONVERSION = YES;
				CLANG_WARN_OBJC_ROOT_CLASS = YES_ERROR;
				CLANG_WARN_QUOTED_INCLUDE_IN_FRAMEWORK_HEADER = YES;
				CLANG_WARN_RANGE_LOOP_ANALYSIS = YES;
				CLANG_WARN_STRICT_PROTOTYPES = YES;
				CLANG_WARN_SUSPICIOUS_MOVE = YES;
				CLANG_WARN_UNGUARDED_AVAILABILITY = YES_AGGRESSIVE;
				CLANG_WARN_UNREACHABLE_CODE = YES;
				CLANG_WARN__DUPLICATE_METHOD_MATCH = YES;
				COPY_PHASE_STRIP = NO;
				DEBUG_INFORMATION_FORMAT = dwarf;
				ENABLE_STRICT_OBJC_MSGSEND = YES;
				ENABLE_TESTABILITY = YES;
				GCC_C_LANGUAGE_STANDARD = gnu11;
				GCC_DYNAMIC_NO_PIC = NO;
				GCC_NO_COMMON_BLOCKS = YES;
				GCC_OPTIMIZATION_LEVEL = 0;
				GCC_PREPROCESSOR_DEFINITIONS = (
					"DEBUG=1",
					"$(inherited)",
				);
				GCC_WARN_64_TO_32_BIT_CONVERSION = YES;
				GCC_WARN_ABOUT_RETURN_TYPE = YES_ERROR;
				GCC_WARN_UNDECLARED_SELECTOR = YES;
				GCC_WARN_UNINITIALIZED_AUTOS = YES_AGGRESSIVE;
				GCC_WARN_UNUSED_FUNCTION = YES;
				GCC_WARN_UNUSED_VARIABLE = YES;
				IPHONEOS_DEPLOYMENT_TARGET = 14.5;
				MTL_ENABLE_DEBUG_INFO = INCLUDE_SOURCE;
				MTL_FAST_MATH = YES;
				ONLY_ACTIVE_ARCH = YES;
				SDKROOT = iphoneos;
				SWIFT_ACTIVE_COMPILATION_CONDITIONS = DEBUG;
				SWIFT_OPTIMIZATION_LEVEL = "-Onone";
			};
			name = Debug;
		};
		E87C25A12678C47000D759D7 /* Release */ = {
			isa = XCBuildConfiguration;
			buildSettings = {
				ALWAYS_SEARCH_USER_PATHS = NO;
				CLANG_ANALYZER_NONNULL = YES;
				CLANG_ANALYZER_NUMBER_OBJECT_CONVERSION = YES_AGGRESSIVE;
				CLANG_CXX_LANGUAGE_STANDARD = "gnu++14";
				CLANG_CXX_LIBRARY = "libc++";
				CLANG_ENABLE_MODULES = YES;
				CLANG_ENABLE_OBJC_ARC = YES;
				CLANG_ENABLE_OBJC_WEAK = YES;
				CLANG_WARN_BLOCK_CAPTURE_AUTORELEASING = YES;
				CLANG_WARN_BOOL_CONVERSION = YES;
				CLANG_WARN_COMMA = YES;
				CLANG_WARN_CONSTANT_CONVERSION = YES;
				CLANG_WARN_DEPRECATED_OBJC_IMPLEMENTATIONS = YES;
				CLANG_WARN_DIRECT_OBJC_ISA_USAGE = YES_ERROR;
				CLANG_WARN_DOCUMENTATION_COMMENTS = YES;
				CLANG_WARN_EMPTY_BODY = YES;
				CLANG_WARN_ENUM_CONVERSION = YES;
				CLANG_WARN_INFINITE_RECURSION = YES;
				CLANG_WARN_INT_CONVERSION = YES;
				CLANG_WARN_NON_LITERAL_NULL_CONVERSION = YES;
				CLANG_WARN_OBJC_IMPLICIT_RETAIN_SELF = YES;
				CLANG_WARN_OBJC_LITERAL_CONVERSION = YES;
				CLANG_WARN_OBJC_ROOT_CLASS = YES_ERROR;
				CLANG_WARN_QUOTED_INCLUDE_IN_FRAMEWORK_HEADER = YES;
				CLANG_WARN_RANGE_LOOP_ANALYSIS = YES;
				CLANG_WARN_STRICT_PROTOTYPES = YES;
				CLANG_WARN_SUSPICIOUS_MOVE = YES;
				CLANG_WARN_UNGUARDED_AVAILABILITY = YES_AGGRESSIVE;
				CLANG_WARN_UNREACHABLE_CODE = YES;
				CLANG_WARN__DUPLICATE_METHOD_MATCH = YES;
				COPY_PHASE_STRIP = NO;
				DEBUG_INFORMATION_FORMAT = "dwarf-with-dsym";
				ENABLE_NS_ASSERTIONS = NO;
				ENABLE_STRICT_OBJC_MSGSEND = YES;
				GCC_C_LANGUAGE_STANDARD = gnu11;
				GCC_NO_COMMON_BLOCKS = YES;
				GCC_WARN_64_TO_32_BIT_CONVERSION = YES;
				GCC_WARN_ABOUT_RETURN_TYPE = YES_ERROR;
				GCC_WARN_UNDECLARED_SELECTOR = YES;
				GCC_WARN_UNINITIALIZED_AUTOS = YES_AGGRESSIVE;
				GCC_WARN_UNUSED_FUNCTION = YES;
				GCC_WARN_UNUSED_VARIABLE = YES;
				IPHONEOS_DEPLOYMENT_TARGET = 14.5;
				MTL_ENABLE_DEBUG_INFO = NO;
				MTL_FAST_MATH = YES;
				SDKROOT = iphoneos;
				SWIFT_COMPILATION_MODE = wholemodule;
				SWIFT_OPTIMIZATION_LEVEL = "-O";
				VALIDATE_PRODUCT = YES;
			};
			name = Release;
		};
		E87C25A32678C47000D759D7 /* Debug */ = {
			isa = XCBuildConfiguration;
			buildSettings = {
				ASSETCATALOG_COMPILER_APPICON_NAME = AppIcon;
				ASSETCATALOG_COMPILER_GLOBAL_ACCENT_COLOR_NAME = AccentColor;
				CODE_SIGN_STYLE = Automatic;
				INFOPLIST_FILE = ImagePicker/Info.plist;
				LD_RUNPATH_SEARCH_PATHS = (
					"$(inherited)",
					"@executable_path/Frameworks",
				);
				PRODUCT_BUNDLE_IDENTIFIER = com.jiin.ImagePicker;
				PRODUCT_NAME = "$(TARGET_NAME)";
				SWIFT_VERSION = 5.0;
				TARGETED_DEVICE_FAMILY = "1,2";
			};
			name = Debug;
		};
		E87C25A42678C47000D759D7 /* Release */ = {
			isa = XCBuildConfiguration;
			buildSettings = {
				ASSETCATALOG_COMPILER_APPICON_NAME = AppIcon;
				ASSETCATALOG_COMPILER_GLOBAL_ACCENT_COLOR_NAME = AccentColor;
				CODE_SIGN_STYLE = Automatic;
				INFOPLIST_FILE = ImagePicker/Info.plist;
				LD_RUNPATH_SEARCH_PATHS = (
					"$(inherited)",
					"@executable_path/Frameworks",
				);
				PRODUCT_BUNDLE_IDENTIFIER = com.jiin.ImagePicker;
				PRODUCT_NAME = "$(TARGET_NAME)";
				SWIFT_VERSION = 5.0;
				TARGETED_DEVICE_FAMILY = "1,2";
			};
			name = Release;
		};
		E87C25A62678C47000D759D7 /* Debug */ = {
			isa = XCBuildConfiguration;
			buildSettings = {
				ALWAYS_EMBED_SWIFT_STANDARD_LIBRARIES = YES;
				BUNDLE_LOADER = "$(TEST_HOST)";
				CODE_SIGN_STYLE = Automatic;
				INFOPLIST_FILE = ImagePickerTests/Info.plist;
				IPHONEOS_DEPLOYMENT_TARGET = 14.5;
				LD_RUNPATH_SEARCH_PATHS = (
					"$(inherited)",
					"@executable_path/Frameworks",
					"@loader_path/Frameworks",
				);
				PRODUCT_BUNDLE_IDENTIFIER = com.jiin.ImagePickerTests;
				PRODUCT_NAME = "$(TARGET_NAME)";
				SWIFT_VERSION = 5.0;
				TARGETED_DEVICE_FAMILY = "1,2";
				TEST_HOST = "$(BUILT_PRODUCTS_DIR)/ImagePicker.app/ImagePicker";
			};
			name = Debug;
		};
		E87C25A72678C47000D759D7 /* Release */ = {
			isa = XCBuildConfiguration;
			buildSettings = {
				ALWAYS_EMBED_SWIFT_STANDARD_LIBRARIES = YES;
				BUNDLE_LOADER = "$(TEST_HOST)";
				CODE_SIGN_STYLE = Automatic;
				INFOPLIST_FILE = ImagePickerTests/Info.plist;
				IPHONEOS_DEPLOYMENT_TARGET = 14.5;
				LD_RUNPATH_SEARCH_PATHS = (
					"$(inherited)",
					"@executable_path/Frameworks",
					"@loader_path/Frameworks",
				);
				PRODUCT_BUNDLE_IDENTIFIER = com.jiin.ImagePickerTests;
				PRODUCT_NAME = "$(TARGET_NAME)";
				SWIFT_VERSION = 5.0;
				TARGETED_DEVICE_FAMILY = "1,2";
				TEST_HOST = "$(BUILT_PRODUCTS_DIR)/ImagePicker.app/ImagePicker";
			};
			name = Release;
		};
		E87C25A92678C47000D759D7 /* Debug */ = {
			isa = XCBuildConfiguration;
			buildSettings = {
				ALWAYS_EMBED_SWIFT_STANDARD_LIBRARIES = YES;
				CODE_SIGN_STYLE = Automatic;
				INFOPLIST_FILE = ImagePickerUITests/Info.plist;
				LD_RUNPATH_SEARCH_PATHS = (
					"$(inherited)",
					"@executable_path/Frameworks",
					"@loader_path/Frameworks",
				);
				PRODUCT_BUNDLE_IDENTIFIER = com.jiin.ImagePickerUITests;
				PRODUCT_NAME = "$(TARGET_NAME)";
				SWIFT_VERSION = 5.0;
				TARGETED_DEVICE_FAMILY = "1,2";
				TEST_TARGET_NAME = ImagePicker;
			};
			name = Debug;
		};
		E87C25AA2678C47000D759D7 /* Release */ = {
			isa = XCBuildConfiguration;
			buildSettings = {
				ALWAYS_EMBED_SWIFT_STANDARD_LIBRARIES = YES;
				CODE_SIGN_STYLE = Automatic;
				INFOPLIST_FILE = ImagePickerUITests/Info.plist;
				LD_RUNPATH_SEARCH_PATHS = (
					"$(inherited)",
					"@executable_path/Frameworks",
					"@loader_path/Frameworks",
				);
				PRODUCT_BUNDLE_IDENTIFIER = com.jiin.ImagePickerUITests;
				PRODUCT_NAME = "$(TARGET_NAME)";
				SWIFT_VERSION = 5.0;
				TARGETED_DEVICE_FAMILY = "1,2";
				TEST_TARGET_NAME = ImagePicker;
			};
			name = Release;
		};
/* End XCBuildConfiguration section */

/* Begin XCConfigurationList section */
		E87C25732678C46C00D759D7 /* Build configuration list for PBXProject "ImagePicker" */ = {
			isa = XCConfigurationList;
			buildConfigurations = (
				E87C25A02678C47000D759D7 /* Debug */,
				E87C25A12678C47000D759D7 /* Release */,
			);
			defaultConfigurationIsVisible = 0;
			defaultConfigurationName = Release;
		};
		E87C25A22678C47000D759D7 /* Build configuration list for PBXNativeTarget "ImagePicker" */ = {
			isa = XCConfigurationList;
			buildConfigurations = (
				E87C25A32678C47000D759D7 /* Debug */,
				E87C25A42678C47000D759D7 /* Release */,
			);
			defaultConfigurationIsVisible = 0;
			defaultConfigurationName = Release;
		};
		E87C25A52678C47000D759D7 /* Build configuration list for PBXNativeTarget "ImagePickerTests" */ = {
			isa = XCConfigurationList;
			buildConfigurations = (
				E87C25A62678C47000D759D7 /* Debug */,
				E87C25A72678C47000D759D7 /* Release */,
			);
			defaultConfigurationIsVisible = 0;
			defaultConfigurationName = Release;
		};
		E87C25A82678C47000D759D7 /* Build configuration list for PBXNativeTarget "ImagePickerUITests" */ = {
			isa = XCConfigurationList;
			buildConfigurations = (
				E87C25A92678C47000D759D7 /* Debug */,
				E87C25AA2678C47000D759D7 /* Release */,
			);
			defaultConfigurationIsVisible = 0;
			defaultConfigurationName = Release;
		};
/* End XCConfigurationList section */
	};
	rootObject = E87C25702678C46C00D759D7 /* Project object */;
}
